// !$*UTF8*$!
{
	archiveVersion = 1;
	classes = {
	};
	objectVersion = 46;
	objects = {

/* Begin PBXBuildFile section */
		2584A6CB15C371A2003EBB0B /* teststd.1 in CopyFiles */ = {isa = PBXBuildFile; fileRef = 2584A6CA15C371A2003EBB0B /* teststd.1 */; };
		E6938FD815C38EB600A73C80 /* main.cpp in Sources */ = {isa = PBXBuildFile; fileRef = E6938FD715C38EB600A73C80 /* main.cpp */; };
/* End PBXBuildFile section */

/* Begin PBXCopyFilesBuildPhase section */
		2584A6C315C371A2003EBB0B /* CopyFiles */ = {
			isa = PBXCopyFilesBuildPhase;
			buildActionMask = 2147483647;
			dstPath = /usr/share/man/man1/;
			dstSubfolderSpec = 0;
			files = (
				2584A6CB15C371A2003EBB0B /* teststd.1 in CopyFiles */,
			);
			runOnlyForDeploymentPostprocessing = 1;
		};
/* End PBXCopyFilesBuildPhase section */

/* Begin PBXFileReference section */
		2584A6C515C371A2003EBB0B /* teststd */ = {isa = PBXFileReference; explicitFileType = "compiled.mach-o.executable"; includeInIndex = 0; path = teststd; sourceTree = BUILT_PRODUCTS_DIR; };
		2584A6CA15C371A2003EBB0B /* teststd.1 */ = {isa = PBXFileReference; lastKnownFileType = text.man; path = teststd.1; sourceTree = "<group>"; };
		E6938EEB15C38E6E00A73C80 /* mime.hpp */ = {isa = PBXFileReference; fileEncoding = 4; lastKnownFileType = sourcecode.cpp.h; name = mime.hpp; path = boost/mime.hpp; sourceTree = "<group>"; };
		E6938EED15C38E6E00A73C80 /* constants.hpp */ = {isa = PBXFileReference; fileEncoding = 4; lastKnownFileType = sourcecode.cpp.h; path = constants.hpp; sourceTree = "<group>"; };
		E6938EEF15C38E6E00A73C80 /* debug.hpp */ = {isa = PBXFileReference; fileEncoding = 4; lastKnownFileType = sourcecode.cpp.h; path = debug.hpp; sourceTree = "<group>"; };
		E6938EF015C38E6E00A73C80 /* directive_base.hpp */ = {isa = PBXFileReference; fileEncoding = 4; lastKnownFileType = sourcecode.cpp.h; path = directive_base.hpp; sourceTree = "<group>"; };
		E6938EF115C38E6E00A73C80 /* wrapper_base.hpp */ = {isa = PBXFileReference; fileEncoding = 4; lastKnownFileType = sourcecode.cpp.h; path = wrapper_base.hpp; sourceTree = "<group>"; };
		E6938EF415C38E6E00A73C80 /* client.hpp */ = {isa = PBXFileReference; fileEncoding = 4; lastKnownFileType = sourcecode.cpp.h; path = client.hpp; sourceTree = "<group>"; };
		E6938EF515C38E6E00A73C80 /* server.hpp */ = {isa = PBXFileReference; fileEncoding = 4; lastKnownFileType = sourcecode.cpp.h; path = server.hpp; sourceTree = "<group>"; };
		E6938EF615C38E6E00A73C80 /* message.hpp */ = {isa = PBXFileReference; fileEncoding = 4; lastKnownFileType = sourcecode.cpp.h; path = message.hpp; sourceTree = "<group>"; };
		E6938EFA15C38E6E00A73C80 /* string_directive.hpp */ = {isa = PBXFileReference; fileEncoding = 4; lastKnownFileType = sourcecode.cpp.h; path = string_directive.hpp; sourceTree = "<group>"; };
		E6938EFB15C38E6E00A73C80 /* string_value.hpp */ = {isa = PBXFileReference; fileEncoding = 4; lastKnownFileType = sourcecode.cpp.h; path = string_value.hpp; sourceTree = "<group>"; };
		E6938EFC15C38E6E00A73C80 /* header.hpp */ = {isa = PBXFileReference; fileEncoding = 4; lastKnownFileType = sourcecode.cpp.h; path = header.hpp; sourceTree = "<group>"; };
		E6938EFD15C38E6E00A73C80 /* remove_header.hpp */ = {isa = PBXFileReference; fileEncoding = 4; lastKnownFileType = sourcecode.cpp.h; path = remove_header.hpp; sourceTree = "<group>"; };
		E6938EFE15C38E6E00A73C80 /* directives.hpp */ = {isa = PBXFileReference; fileEncoding = 4; lastKnownFileType = sourcecode.cpp.h; path = directives.hpp; sourceTree = "<group>"; };
		E6938EFF15C38E6E00A73C80 /* message_concept.hpp */ = {isa = PBXFileReference; fileEncoding = 4; lastKnownFileType = sourcecode.cpp.h; path = message_concept.hpp; sourceTree = "<group>"; };
		E6938F0115C38E6E00A73C80 /* add_header.hpp */ = {isa = PBXFileReference; fileEncoding = 4; lastKnownFileType = sourcecode.cpp.h; path = add_header.hpp; sourceTree = "<group>"; };
		E6938F0215C38E6E00A73C80 /* body.hpp */ = {isa = PBXFileReference; fileEncoding = 4; lastKnownFileType = sourcecode.cpp.h; path = body.hpp; sourceTree = "<group>"; };
		E6938F0315C38E6E00A73C80 /* clear_headers.hpp */ = {isa = PBXFileReference; fileEncoding = 4; lastKnownFileType = sourcecode.cpp.h; path = clear_headers.hpp; sourceTree = "<group>"; };
		E6938F0415C38E6E00A73C80 /* destination.hpp */ = {isa = PBXFileReference; fileEncoding = 4; lastKnownFileType = sourcecode.cpp.h; path = destination.hpp; sourceTree = "<group>"; };
		E6938F0515C38E6E00A73C80 /* remove_header.hpp */ = {isa = PBXFileReference; fileEncoding = 4; lastKnownFileType = sourcecode.cpp.h; path = remove_header.hpp; sourceTree = "<group>"; };
		E6938F0615C38E6E00A73C80 /* source.hpp */ = {isa = PBXFileReference; fileEncoding = 4; lastKnownFileType = sourcecode.cpp.h; path = source.hpp; sourceTree = "<group>"; };
		E6938F0815C38E6E00A73C80 /* body.hpp */ = {isa = PBXFileReference; fileEncoding = 4; lastKnownFileType = sourcecode.cpp.h; path = body.hpp; sourceTree = "<group>"; };
		E6938F0915C38E6E00A73C80 /* destination.hpp */ = {isa = PBXFileReference; fileEncoding = 4; lastKnownFileType = sourcecode.cpp.h; path = destination.hpp; sourceTree = "<group>"; };
		E6938F0A15C38E6E00A73C80 /* headers.hpp */ = {isa = PBXFileReference; fileEncoding = 4; lastKnownFileType = sourcecode.cpp.h; path = headers.hpp; sourceTree = "<group>"; };
		E6938F0B15C38E6E00A73C80 /* source.hpp */ = {isa = PBXFileReference; fileEncoding = 4; lastKnownFileType = sourcecode.cpp.h; path = source.hpp; sourceTree = "<group>"; };
		E6938F0D15C38E6E00A73C80 /* selectors.hpp */ = {isa = PBXFileReference; fileEncoding = 4; lastKnownFileType = sourcecode.cpp.h; path = selectors.hpp; sourceTree = "<group>"; };
		E6938F0E15C38E6E00A73C80 /* to_lower.hpp */ = {isa = PBXFileReference; fileEncoding = 4; lastKnownFileType = sourcecode.cpp.h; path = to_lower.hpp; sourceTree = "<group>"; };
		E6938F0F15C38E6E00A73C80 /* to_upper.hpp */ = {isa = PBXFileReference; fileEncoding = 4; lastKnownFileType = sourcecode.cpp.h; path = to_upper.hpp; sourceTree = "<group>"; };
		E6938F1015C38E6E00A73C80 /* transformers.hpp */ = {isa = PBXFileReference; fileEncoding = 4; lastKnownFileType = sourcecode.cpp.h; path = transformers.hpp; sourceTree = "<group>"; };
		E6938F1215C38E6E00A73C80 /* body.hpp */ = {isa = PBXFileReference; fileEncoding = 4; lastKnownFileType = sourcecode.cpp.h; path = body.hpp; sourceTree = "<group>"; };
		E6938F1315C38E6E00A73C80 /* destination.hpp */ = {isa = PBXFileReference; fileEncoding = 4; lastKnownFileType = sourcecode.cpp.h; path = destination.hpp; sourceTree = "<group>"; };
		E6938F1415C38E6E00A73C80 /* headers.hpp */ = {isa = PBXFileReference; fileEncoding = 4; lastKnownFileType = sourcecode.cpp.h; path = headers.hpp; sourceTree = "<group>"; };
		E6938F1515C38E6E00A73C80 /* source.hpp */ = {isa = PBXFileReference; fileEncoding = 4; lastKnownFileType = sourcecode.cpp.h; path = source.hpp; sourceTree = "<group>"; };
		E6938F1615C38E6E00A73C80 /* wrappers.hpp */ = {isa = PBXFileReference; fileEncoding = 4; lastKnownFileType = sourcecode.cpp.h; path = wrappers.hpp; sourceTree = "<group>"; };
		E6938F1715C38E6E00A73C80 /* message.hpp */ = {isa = PBXFileReference; fileEncoding = 4; lastKnownFileType = sourcecode.cpp.h; path = message.hpp; sourceTree = "<group>"; };
		E6938F1815C38E6E00A73C80 /* message_fwd.hpp */ = {isa = PBXFileReference; fileEncoding = 4; lastKnownFileType = sourcecode.cpp.h; path = message_fwd.hpp; sourceTree = "<group>"; };
		E6938F1C15C38E6E00A73C80 /* linearize.hpp */ = {isa = PBXFileReference; fileEncoding = 4; lastKnownFileType = sourcecode.cpp.h; path = linearize.hpp; sourceTree = "<group>"; };
		E6938F1E15C38E6E00A73C80 /* async_impl.hpp */ = {isa = PBXFileReference; fileEncoding = 4; lastKnownFileType = sourcecode.cpp.h; path = async_impl.hpp; sourceTree = "<group>"; };
		E6938F2015C38E6E00A73C80 /* async_base.hpp */ = {isa = PBXFileReference; fileEncoding = 4; lastKnownFileType = sourcecode.cpp.h; path = async_base.hpp; sourceTree = "<group>"; };
		E6938F2115C38E6E00A73C80 /* async_normal.hpp */ = {isa = PBXFileReference; fileEncoding = 4; lastKnownFileType = sourcecode.cpp.h; path = async_normal.hpp; sourceTree = "<group>"; };
		E6938F2215C38E6E00A73C80 /* async_protocol_handler.hpp */ = {isa = PBXFileReference; fileEncoding = 4; lastKnownFileType = sourcecode.cpp.h; path = async_protocol_handler.hpp; sourceTree = "<group>"; };
		E6938F2315C38E6E00A73C80 /* async_ssl.hpp */ = {isa = PBXFileReference; fileEncoding = 4; lastKnownFileType = sourcecode.cpp.h; path = async_ssl.hpp; sourceTree = "<group>"; };
		E6938F2415C38E6E00A73C80 /* sync_base.hpp */ = {isa = PBXFileReference; fileEncoding = 4; lastKnownFileType = sourcecode.cpp.h; path = sync_base.hpp; sourceTree = "<group>"; };
		E6938F2515C38E6E00A73C80 /* sync_normal.hpp */ = {isa = PBXFileReference; fileEncoding = 4; lastKnownFileType = sourcecode.cpp.h; path = sync_normal.hpp; sourceTree = "<group>"; };
		E6938F2615C38E6E00A73C80 /* sync_ssl.hpp */ = {isa = PBXFileReference; fileEncoding = 4; lastKnownFileType = sourcecode.cpp.h; path = sync_ssl.hpp; sourceTree = "<group>"; };
		E6938F2715C38E6E00A73C80 /* facade.hpp */ = {isa = PBXFileReference; fileEncoding = 4; lastKnownFileType = sourcecode.cpp.h; path = facade.hpp; sourceTree = "<group>"; };
		E6938F2815C38E6E00A73C80 /* macros.hpp */ = {isa = PBXFileReference; fileEncoding = 4; lastKnownFileType = sourcecode.cpp.h; path = macros.hpp; sourceTree = "<group>"; };
		E6938F2915C38E6E00A73C80 /* parameters.hpp */ = {isa = PBXFileReference; fileEncoding = 4; lastKnownFileType = sourcecode.cpp.h; path = parameters.hpp; sourceTree = "<group>"; };
		E6938F2A15C38E6E00A73C80 /* pimpl.hpp */ = {isa = PBXFileReference; fileEncoding = 4; lastKnownFileType = sourcecode.cpp.h; path = pimpl.hpp; sourceTree = "<group>"; };
		E6938F2B15C38E6E00A73C80 /* sync_impl.hpp */ = {isa = PBXFileReference; fileEncoding = 4; lastKnownFileType = sourcecode.cpp.h; path = sync_impl.hpp; sourceTree = "<group>"; };
		E6938F2C15C38E6E00A73C80 /* client.hpp */ = {isa = PBXFileReference; fileEncoding = 4; lastKnownFileType = sourcecode.cpp.h; path = client.hpp; sourceTree = "<group>"; };
		E6938F2D15C38E6E00A73C80 /* client_fwd.hpp */ = {isa = PBXFileReference; fileEncoding = 4; lastKnownFileType = sourcecode.cpp.h; path = client_fwd.hpp; sourceTree = "<group>"; };
		E6938F2E15C38E6E00A73C80 /* errors.hpp */ = {isa = PBXFileReference; fileEncoding = 4; lastKnownFileType = sourcecode.cpp.h; path = errors.hpp; sourceTree = "<group>"; };
		E6938F3015C38E6E00A73C80 /* message.ipp */ = {isa = PBXFileReference; fileEncoding = 4; lastKnownFileType = text; path = message.ipp; sourceTree = "<group>"; };
		E6938F3115C38E6E00A73C80 /* parser.ipp */ = {isa = PBXFileReference; fileEncoding = 4; lastKnownFileType = text; path = parser.ipp; sourceTree = "<group>"; };
		E6938F3215C38E6E00A73C80 /* request.hpp */ = {isa = PBXFileReference; fileEncoding = 4; lastKnownFileType = sourcecode.cpp.h; path = request.hpp; sourceTree = "<group>"; };
		E6938F3315C38E6E00A73C80 /* request_parser.ipp */ = {isa = PBXFileReference; fileEncoding = 4; lastKnownFileType = text; path = request_parser.ipp; sourceTree = "<group>"; };
		E6938F3415C38E6E00A73C80 /* response.ipp */ = {isa = PBXFileReference; fileEncoding = 4; lastKnownFileType = text; path = response.ipp; sourceTree = "<group>"; };
		E6938F3615C38E6E00A73C80 /* async_message.hpp */ = {isa = PBXFileReference; fileEncoding = 4; lastKnownFileType = sourcecode.cpp.h; path = async_message.hpp; sourceTree = "<group>"; };
		E6938F3815C38E6E00A73C80 /* major_version.hpp */ = {isa = PBXFileReference; fileEncoding = 4; lastKnownFileType = sourcecode.cpp.h; path = major_version.hpp; sourceTree = "<group>"; };
		E6938F3915C38E6E00A73C80 /* method.hpp */ = {isa = PBXFileReference; fileEncoding = 4; lastKnownFileType = sourcecode.cpp.h; path = method.hpp; sourceTree = "<group>"; };
		E6938F3A15C38E6E00A73C80 /* minor_version.hpp */ = {isa = PBXFileReference; fileEncoding = 4; lastKnownFileType = sourcecode.cpp.h; path = minor_version.hpp; sourceTree = "<group>"; };
		E6938F3B15C38E6E00A73C80 /* status.hpp */ = {isa = PBXFileReference; fileEncoding = 4; lastKnownFileType = sourcecode.cpp.h; path = status.hpp; sourceTree = "<group>"; };
		E6938F3C15C38E6E00A73C80 /* status_message.hpp */ = {isa = PBXFileReference; fileEncoding = 4; lastKnownFileType = sourcecode.cpp.h; path = status_message.hpp; sourceTree = "<group>"; };
		E6938F3D15C38E6E00A73C80 /* uri.hpp */ = {isa = PBXFileReference; fileEncoding = 4; lastKnownFileType = sourcecode.cpp.h; path = uri.hpp; sourceTree = "<group>"; };
		E6938F3E15C38E6E00A73C80 /* version.hpp */ = {isa = PBXFileReference; fileEncoding = 4; lastKnownFileType = sourcecode.cpp.h; path = version.hpp; sourceTree = "<group>"; };
		E6938F4015C38E6E00A73C80 /* name.hpp */ = {isa = PBXFileReference; fileEncoding = 4; lastKnownFileType = sourcecode.cpp.h; path = name.hpp; sourceTree = "<group>"; };
		E6938F4115C38E6E00A73C80 /* value.hpp */ = {isa = PBXFileReference; fileEncoding = 4; lastKnownFileType = sourcecode.cpp.h; path = value.hpp; sourceTree = "<group>"; };
		E6938F4215C38E6E00A73C80 /* header.hpp */ = {isa = PBXFileReference; fileEncoding = 4; lastKnownFileType = sourcecode.cpp.h; path = header.hpp; sourceTree = "<group>"; };
		E6938F4315C38E6E00A73C80 /* header_concept.hpp */ = {isa = PBXFileReference; fileEncoding = 4; lastKnownFileType = sourcecode.cpp.h; path = header_concept.hpp; sourceTree = "<group>"; };
		E6938F4415C38E6E00A73C80 /* message_base.hpp */ = {isa = PBXFileReference; fileEncoding = 4; lastKnownFileType = sourcecode.cpp.h; path = message_base.hpp; sourceTree = "<group>"; };
		E6938F4615C38E6E00A73C80 /* body.hpp */ = {isa = PBXFileReference; fileEncoding = 4; lastKnownFileType = sourcecode.cpp.h; path = body.hpp; sourceTree = "<group>"; };
		E6938F4715C38E6E00A73C80 /* clear_headers.hpp */ = {isa = PBXFileReference; fileEncoding = 4; lastKnownFileType = sourcecode.cpp.h; path = clear_headers.hpp; sourceTree = "<group>"; };
		E6938F4815C38E6E00A73C80 /* destination.hpp */ = {isa = PBXFileReference; fileEncoding = 4; lastKnownFileType = sourcecode.cpp.h; path = destination.hpp; sourceTree = "<group>"; };
		E6938F4915C38E6E00A73C80 /* headers.hpp */ = {isa = PBXFileReference; fileEncoding = 4; lastKnownFileType = sourcecode.cpp.h; path = headers.hpp; sourceTree = "<group>"; };
		E6938F4A15C38E6E00A73C80 /* major_version.hpp */ = {isa = PBXFileReference; fileEncoding = 4; lastKnownFileType = sourcecode.cpp.h; path = major_version.hpp; sourceTree = "<group>"; };
		E6938F4B15C38E6E00A73C80 /* method.hpp */ = {isa = PBXFileReference; fileEncoding = 4; lastKnownFileType = sourcecode.cpp.h; path = method.hpp; sourceTree = "<group>"; };
		E6938F4C15C38E6E00A73C80 /* minor_version.hpp */ = {isa = PBXFileReference; fileEncoding = 4; lastKnownFileType = sourcecode.cpp.h; path = minor_version.hpp; sourceTree = "<group>"; };
		E6938F4D15C38E6E00A73C80 /* source.hpp */ = {isa = PBXFileReference; fileEncoding = 4; lastKnownFileType = sourcecode.cpp.h; path = source.hpp; sourceTree = "<group>"; };
		E6938F4E15C38E6E00A73C80 /* status.hpp */ = {isa = PBXFileReference; fileEncoding = 4; lastKnownFileType = sourcecode.cpp.h; path = status.hpp; sourceTree = "<group>"; };
		E6938F4F15C38E6E00A73C80 /* status_message.hpp */ = {isa = PBXFileReference; fileEncoding = 4; lastKnownFileType = sourcecode.cpp.h; path = status_message.hpp; sourceTree = "<group>"; };
		E6938F5015C38E6E00A73C80 /* uri.hpp */ = {isa = PBXFileReference; fileEncoding = 4; lastKnownFileType = sourcecode.cpp.h; path = uri.hpp; sourceTree = "<group>"; };
		E6938F5115C38E6E00A73C80 /* version.hpp */ = {isa = PBXFileReference; fileEncoding = 4; lastKnownFileType = sourcecode.cpp.h; path = version.hpp; sourceTree = "<group>"; };
		E6938F5315C38E6E00A73C80 /* status.hpp */ = {isa = PBXFileReference; fileEncoding = 4; lastKnownFileType = sourcecode.cpp.h; path = status.hpp; sourceTree = "<group>"; };
		E6938F5415C38E6E00A73C80 /* status_message.hpp */ = {isa = PBXFileReference; fileEncoding = 4; lastKnownFileType = sourcecode.cpp.h; path = status_message.hpp; sourceTree = "<group>"; };
		E6938F5515C38E6E00A73C80 /* version.hpp */ = {isa = PBXFileReference; fileEncoding = 4; lastKnownFileType = sourcecode.cpp.h; path = version.hpp; sourceTree = "<group>"; };
		E6938F5715C38E6E00A73C80 /* anchor.hpp */ = {isa = PBXFileReference; fileEncoding = 4; lastKnownFileType = sourcecode.cpp.h; path = anchor.hpp; sourceTree = "<group>"; };
		E6938F5815C38E6E00A73C80 /* body.hpp */ = {isa = PBXFileReference; fileEncoding = 4; lastKnownFileType = sourcecode.cpp.h; path = body.hpp; sourceTree = "<group>"; };
		E6938F5915C38E6E00A73C80 /* destination.hpp */ = {isa = PBXFileReference; fileEncoding = 4; lastKnownFileType = sourcecode.cpp.h; path = destination.hpp; sourceTree = "<group>"; };
		E6938F5A15C38E6E00A73C80 /* headers.hpp */ = {isa = PBXFileReference; fileEncoding = 4; lastKnownFileType = sourcecode.cpp.h; path = headers.hpp; sourceTree = "<group>"; };
		E6938F5B15C38E6E00A73C80 /* helper.hpp */ = {isa = PBXFileReference; fileEncoding = 4; lastKnownFileType = sourcecode.cpp.h; path = helper.hpp; sourceTree = "<group>"; };
		E6938F5C15C38E6E00A73C80 /* host.hpp */ = {isa = PBXFileReference; fileEncoding = 4; lastKnownFileType = sourcecode.cpp.h; path = host.hpp; sourceTree = "<group>"; };
		E6938F5D15C38E6E00A73C80 /* major_version.hpp */ = {isa = PBXFileReference; fileEncoding = 4; lastKnownFileType = sourcecode.cpp.h; path = major_version.hpp; sourceTree = "<group>"; };
		E6938F5E15C38E6E00A73C80 /* method.hpp */ = {isa = PBXFileReference; fileEncoding = 4; lastKnownFileType = sourcecode.cpp.h; path = method.hpp; sourceTree = "<group>"; };
		E6938F5F15C38E6E00A73C80 /* minor_version.hpp */ = {isa = PBXFileReference; fileEncoding = 4; lastKnownFileType = sourcecode.cpp.h; path = minor_version.hpp; sourceTree = "<group>"; };
		E6938F6015C38E6E00A73C80 /* path.hpp */ = {isa = PBXFileReference; fileEncoding = 4; lastKnownFileType = sourcecode.cpp.h; path = path.hpp; sourceTree = "<group>"; };
		E6938F6115C38E6E00A73C80 /* port.hpp */ = {isa = PBXFileReference; fileEncoding = 4; lastKnownFileType = sourcecode.cpp.h; path = port.hpp; sourceTree = "<group>"; };
		E6938F6215C38E6E00A73C80 /* protocol.hpp */ = {isa = PBXFileReference; fileEncoding = 4; lastKnownFileType = sourcecode.cpp.h; path = protocol.hpp; sourceTree = "<group>"; };
		E6938F6315C38E6E00A73C80 /* query.hpp */ = {isa = PBXFileReference; fileEncoding = 4; lastKnownFileType = sourcecode.cpp.h; path = query.hpp; sourceTree = "<group>"; };
		E6938F6415C38E6E00A73C80 /* ready.hpp */ = {isa = PBXFileReference; fileEncoding = 4; lastKnownFileType = sourcecode.cpp.h; path = ready.hpp; sourceTree = "<group>"; };
		E6938F6515C38E6E00A73C80 /* source.hpp */ = {isa = PBXFileReference; fileEncoding = 4; lastKnownFileType = sourcecode.cpp.h; path = source.hpp; sourceTree = "<group>"; };
		E6938F6615C38E6E00A73C80 /* status.hpp */ = {isa = PBXFileReference; fileEncoding = 4; lastKnownFileType = sourcecode.cpp.h; path = status.hpp; sourceTree = "<group>"; };
		E6938F6715C38E6E00A73C80 /* status_message.hpp */ = {isa = PBXFileReference; fileEncoding = 4; lastKnownFileType = sourcecode.cpp.h; path = status_message.hpp; sourceTree = "<group>"; };
		E6938F6815C38E6E00A73C80 /* uri.hpp */ = {isa = PBXFileReference; fileEncoding = 4; lastKnownFileType = sourcecode.cpp.h; path = uri.hpp; sourceTree = "<group>"; };
		E6938F6915C38E6E00A73C80 /* version.hpp */ = {isa = PBXFileReference; fileEncoding = 4; lastKnownFileType = sourcecode.cpp.h; path = version.hpp; sourceTree = "<group>"; };
		E6938F6A15C38E6E00A73C80 /* message.hpp */ = {isa = PBXFileReference; fileEncoding = 4; lastKnownFileType = sourcecode.cpp.h; path = message.hpp; sourceTree = "<group>"; };
		E6938F6B15C38E6E00A73C80 /* parameters.hpp */ = {isa = PBXFileReference; fileEncoding = 4; lastKnownFileType = sourcecode.cpp.h; path = parameters.hpp; sourceTree = "<group>"; };
		E6938F6D15C38E6E00A73C80 /* incremental.hpp */ = {isa = PBXFileReference; fileEncoding = 4; lastKnownFileType = sourcecode.cpp.h; path = incremental.hpp; sourceTree = "<group>"; };
		E6938F6E15C38E6E00A73C80 /* parser.hpp */ = {isa = PBXFileReference; fileEncoding = 4; lastKnownFileType = sourcecode.cpp.h; path = parser.hpp; sourceTree = "<group>"; };
		E6938F7015C38E6E00A73C80 /* async_connection.hpp */ = {isa = PBXFileReference; fileEncoding = 4; lastKnownFileType = sourcecode.cpp.h; path = async_connection.hpp; sourceTree = "<group>"; };
		E6938F7115C38E6E00A73C80 /* async_resolver.hpp */ = {isa = PBXFileReference; fileEncoding = 4; lastKnownFileType = sourcecode.cpp.h; path = async_resolver.hpp; sourceTree = "<group>"; };
		E6938F7215C38E6E00A73C80 /* pooled_connection.hpp */ = {isa = PBXFileReference; fileEncoding = 4; lastKnownFileType = sourcecode.cpp.h; path = pooled_connection.hpp; sourceTree = "<group>"; };
		E6938F7315C38E6E00A73C80 /* simple_connection.hpp */ = {isa = PBXFileReference; fileEncoding = 4; lastKnownFileType = sourcecode.cpp.h; path = simple_connection.hpp; sourceTree = "<group>"; };
		E6938F7415C38E6E00A73C80 /* sync_resolver.hpp */ = {isa = PBXFileReference; fileEncoding = 4; lastKnownFileType = sourcecode.cpp.h; path = sync_resolver.hpp; sourceTree = "<group>"; };
		E6938F7515C38E6E00A73C80 /* request.hpp */ = {isa = PBXFileReference; fileEncoding = 4; lastKnownFileType = sourcecode.cpp.h; path = request.hpp; sourceTree = "<group>"; };
		E6938F7615C38E6E00A73C80 /* request_concept.hpp */ = {isa = PBXFileReference; fileEncoding = 4; lastKnownFileType = sourcecode.cpp.h; path = request_concept.hpp; sourceTree = "<group>"; };
		E6938F7715C38E6E00A73C80 /* request_parser.hpp */ = {isa = PBXFileReference; fileEncoding = 4; lastKnownFileType = sourcecode.cpp.h; path = request_parser.hpp; sourceTree = "<group>"; };
		E6938F7815C38E6E00A73C80 /* response.hpp */ = {isa = PBXFileReference; fileEncoding = 4; lastKnownFileType = sourcecode.cpp.h; path = response.hpp; sourceTree = "<group>"; };
		E6938F7915C38E6E00A73C80 /* response_concept.hpp */ = {isa = PBXFileReference; fileEncoding = 4; lastKnownFileType = sourcecode.cpp.h; path = response_concept.hpp; sourceTree = "<group>"; };
		E6938F7B15C38E6E00A73C80 /* async_connection.hpp */ = {isa = PBXFileReference; fileEncoding = 4; lastKnownFileType = sourcecode.cpp.h; path = async_connection.hpp; sourceTree = "<group>"; };
		E6938F7C15C38E6E00A73C80 /* async_server.hpp */ = {isa = PBXFileReference; fileEncoding = 4; lastKnownFileType = sourcecode.cpp.h; path = async_server.hpp; sourceTree = "<group>"; };
		E6938F7E15C38E6E00A73C80 /* parsers.ipp */ = {isa = PBXFileReference; fileEncoding = 4; lastKnownFileType = text; path = parsers.ipp; sourceTree = "<group>"; };
		E6938F7F15C38E6E00A73C80 /* parameters.hpp */ = {isa = PBXFileReference; fileEncoding = 4; lastKnownFileType = sourcecode.cpp.h; path = parameters.hpp; sourceTree = "<group>"; };
		E6938F8015C38E6E00A73C80 /* request.hpp */ = {isa = PBXFileReference; fileEncoding = 4; lastKnownFileType = sourcecode.cpp.h; path = request.hpp; sourceTree = "<group>"; };
		E6938F8115C38E6E00A73C80 /* request_parser.hpp */ = {isa = PBXFileReference; fileEncoding = 4; lastKnownFileType = sourcecode.cpp.h; path = request_parser.hpp; sourceTree = "<group>"; };
		E6938F8215C38E6E00A73C80 /* socket_options_base.hpp */ = {isa = PBXFileReference; fileEncoding = 4; lastKnownFileType = sourcecode.cpp.h; path = socket_options_base.hpp; sourceTree = "<group>"; };
		E6938F8315C38E6E00A73C80 /* storage_base.hpp */ = {isa = PBXFileReference; fileEncoding = 4; lastKnownFileType = sourcecode.cpp.h; path = storage_base.hpp; sourceTree = "<group>"; };
		E6938F8415C38E6E00A73C80 /* sync_connection.hpp */ = {isa = PBXFileReference; fileEncoding = 4; lastKnownFileType = sourcecode.cpp.h; path = sync_connection.hpp; sourceTree = "<group>"; };
		E6938F8515C38E6E00A73C80 /* sync_server.hpp */ = {isa = PBXFileReference; fileEncoding = 4; lastKnownFileType = sourcecode.cpp.h; path = sync_server.hpp; sourceTree = "<group>"; };
		E6938F8615C38E6E00A73C80 /* server.hpp */ = {isa = PBXFileReference; fileEncoding = 4; lastKnownFileType = sourcecode.cpp.h; path = server.hpp; sourceTree = "<group>"; };
		E6938F8815C38E6E00A73C80 /* client_or_server.hpp */ = {isa = PBXFileReference; fileEncoding = 4; lastKnownFileType = sourcecode.cpp.h; path = client_or_server.hpp; sourceTree = "<group>"; };
		E6938F8915C38E6E00A73C80 /* is_client.hpp */ = {isa = PBXFileReference; fileEncoding = 4; lastKnownFileType = sourcecode.cpp.h; path = is_client.hpp; sourceTree = "<group>"; };
		E6938F8A15C38E6E00A73C80 /* is_http.hpp */ = {isa = PBXFileReference; fileEncoding = 4; lastKnownFileType = sourcecode.cpp.h; path = is_http.hpp; sourceTree = "<group>"; };
		E6938F8B15C38E6E00A73C80 /* is_keepalive.hpp */ = {isa = PBXFileReference; fileEncoding = 4; lastKnownFileType = sourcecode.cpp.h; path = is_keepalive.hpp; sourceTree = "<group>"; };
		E6938F8C15C38E6E00A73C80 /* is_server.hpp */ = {isa = PBXFileReference; fileEncoding = 4; lastKnownFileType = sourcecode.cpp.h; path = is_server.hpp; sourceTree = "<group>"; };
		E6938F8D15C38E6E00A73C80 /* is_simple.hpp */ = {isa = PBXFileReference; fileEncoding = 4; lastKnownFileType = sourcecode.cpp.h; path = is_simple.hpp; sourceTree = "<group>"; };
		E6938F8E15C38E6E00A73C80 /* sync_only.hpp */ = {isa = PBXFileReference; fileEncoding = 4; lastKnownFileType = sourcecode.cpp.h; path = sync_only.hpp; sourceTree = "<group>"; };
		E6938F8F15C38E6E00A73C80 /* tags.hpp */ = {isa = PBXFileReference; fileEncoding = 4; lastKnownFileType = sourcecode.cpp.h; path = tags.hpp; sourceTree = "<group>"; };
		E6938F9115C38E6E00A73C80 /* connection_keepalive.hpp */ = {isa = PBXFileReference; fileEncoding = 4; lastKnownFileType = sourcecode.cpp.h; path = connection_keepalive.hpp; sourceTree = "<group>"; };
		E6938F9215C38E6E00A73C80 /* connection_policy.hpp */ = {isa = PBXFileReference; fileEncoding = 4; lastKnownFileType = sourcecode.cpp.h; path = connection_policy.hpp; sourceTree = "<group>"; };
		E6938F9415C38E6E00A73C80 /* chunk_cache.ipp */ = {isa = PBXFileReference; fileEncoding = 4; lastKnownFileType = text; path = chunk_cache.ipp; sourceTree = "<group>"; };
		E6938F9515C38E6E00A73C80 /* content.ipp */ = {isa = PBXFileReference; fileEncoding = 4; lastKnownFileType = text; path = content.ipp; sourceTree = "<group>"; };
		E6938F9615C38E6E00A73C80 /* cookie_name.ipp */ = {isa = PBXFileReference; fileEncoding = 4; lastKnownFileType = text; path = cookie_name.ipp; sourceTree = "<group>"; };
		E6938F9715C38E6E00A73C80 /* cookie_value.ipp */ = {isa = PBXFileReference; fileEncoding = 4; lastKnownFileType = text; path = cookie_value.ipp; sourceTree = "<group>"; };
		E6938F9815C38E6E00A73C80 /* cookies_container.ipp */ = {isa = PBXFileReference; fileEncoding = 4; lastKnownFileType = text; path = cookies_container.ipp; sourceTree = "<group>"; };
		E6938F9915C38E6E00A73C80 /* delimiters.ipp */ = {isa = PBXFileReference; fileEncoding = 4; lastKnownFileType = text; path = delimiters.ipp; sourceTree = "<group>"; };
		E6938F9A15C38E6E00A73C80 /* header_name.ipp */ = {isa = PBXFileReference; fileEncoding = 4; lastKnownFileType = text; path = header_name.ipp; sourceTree = "<group>"; };
		E6938F9B15C38E6E00A73C80 /* header_value.ipp */ = {isa = PBXFileReference; fileEncoding = 4; lastKnownFileType = text; path = header_value.ipp; sourceTree = "<group>"; };
		E6938F9C15C38E6E00A73C80 /* headers.ipp */ = {isa = PBXFileReference; fileEncoding = 4; lastKnownFileType = text; path = headers.ipp; sourceTree = "<group>"; };
		E6938F9D15C38E6E00A73C80 /* headers_container.ipp */ = {isa = PBXFileReference; fileEncoding = 4; lastKnownFileType = text; path = headers_container.ipp; sourceTree = "<group>"; };
		E6938F9E15C38E6E00A73C80 /* method.ipp */ = {isa = PBXFileReference; fileEncoding = 4; lastKnownFileType = text; path = method.ipp; sourceTree = "<group>"; };
		E6938F9F15C38E6E00A73C80 /* post_content.ipp */ = {isa = PBXFileReference; fileEncoding = 4; lastKnownFileType = text; path = post_content.ipp; sourceTree = "<group>"; };
		E6938FA015C38E6E00A73C80 /* query_container.ipp */ = {isa = PBXFileReference; fileEncoding = 4; lastKnownFileType = text; path = query_container.ipp; sourceTree = "<group>"; };
		E6938FA115C38E6E00A73C80 /* query_name.ipp */ = {isa = PBXFileReference; fileEncoding = 4; lastKnownFileType = text; path = query_name.ipp; sourceTree = "<group>"; };
		E6938FA215C38E6E00A73C80 /* query_string.ipp */ = {isa = PBXFileReference; fileEncoding = 4; lastKnownFileType = text; path = query_string.ipp; sourceTree = "<group>"; };
		E6938FA315C38E6E00A73C80 /* query_value.ipp */ = {isa = PBXFileReference; fileEncoding = 4; lastKnownFileType = text; path = query_value.ipp; sourceTree = "<group>"; };
		E6938FA415C38E6E00A73C80 /* request_methods.ipp */ = {isa = PBXFileReference; fileEncoding = 4; lastKnownFileType = text; path = request_methods.ipp; sourceTree = "<group>"; };
		E6938FA515C38E6E00A73C80 /* resource.ipp */ = {isa = PBXFileReference; fileEncoding = 4; lastKnownFileType = text; path = resource.ipp; sourceTree = "<group>"; };
		E6938FA615C38E6E00A73C80 /* response_code.ipp */ = {isa = PBXFileReference; fileEncoding = 4; lastKnownFileType = text; path = response_code.ipp; sourceTree = "<group>"; };
		E6938FA715C38E6E00A73C80 /* response_message.ipp */ = {isa = PBXFileReference; fileEncoding = 4; lastKnownFileType = text; path = response_message.ipp; sourceTree = "<group>"; };
		E6938FA815C38E6E00A73C80 /* status_message.ipp */ = {isa = PBXFileReference; fileEncoding = 4; lastKnownFileType = text; path = status_message.ipp; sourceTree = "<group>"; };
		E6938FA915C38E6E00A73C80 /* message_traits.hpp */ = {isa = PBXFileReference; fileEncoding = 4; lastKnownFileType = sourcecode.cpp.h; path = message_traits.hpp; sourceTree = "<group>"; };
		E6938FAA15C38E6E00A73C80 /* parser_traits.hpp */ = {isa = PBXFileReference; fileEncoding = 4; lastKnownFileType = sourcecode.cpp.h; path = parser_traits.hpp; sourceTree = "<group>"; };
		E6938FAB15C38E6E00A73C80 /* resolver.hpp */ = {isa = PBXFileReference; fileEncoding = 4; lastKnownFileType = sourcecode.cpp.h; path = resolver.hpp; sourceTree = "<group>"; };
		E6938FAC15C38E6E00A73C80 /* resolver_policy.hpp */ = {isa = PBXFileReference; fileEncoding = 4; lastKnownFileType = sourcecode.cpp.h; path = resolver_policy.hpp; sourceTree = "<group>"; };
		E6938FAD15C38E6E00A73C80 /* vector.hpp */ = {isa = PBXFileReference; fileEncoding = 4; lastKnownFileType = sourcecode.cpp.h; path = vector.hpp; sourceTree = "<group>"; };
		E6938FAE15C38E6E00A73C80 /* traits.hpp */ = {isa = PBXFileReference; fileEncoding = 4; lastKnownFileType = sourcecode.cpp.h; path = traits.hpp; sourceTree = "<group>"; };
		E6938FAF15C38E6E00A73C80 /* http.hpp */ = {isa = PBXFileReference; fileEncoding = 4; lastKnownFileType = sourcecode.cpp.h; path = http.hpp; sourceTree = "<group>"; };
		E6938FB015C38E6E00A73C80 /* protocol.hpp */ = {isa = PBXFileReference; fileEncoding = 4; lastKnownFileType = sourcecode.cpp.h; path = protocol.hpp; sourceTree = "<group>"; };
		E6938FB215C38E6E00A73C80 /* is_async.hpp */ = {isa = PBXFileReference; fileEncoding = 4; lastKnownFileType = sourcecode.cpp.h; path = is_async.hpp; sourceTree = "<group>"; };
		E6938FB315C38E6E00A73C80 /* is_default_string.hpp */ = {isa = PBXFileReference; fileEncoding = 4; lastKnownFileType = sourcecode.cpp.h; path = is_default_string.hpp; sourceTree = "<group>"; };
		E6938FB415C38E6E00A73C80 /* is_default_wstring.hpp */ = {isa = PBXFileReference; fileEncoding = 4; lastKnownFileType = sourcecode.cpp.h; path = is_default_wstring.hpp; sourceTree = "<group>"; };
		E6938FB515C38E6E00A73C80 /* is_http.hpp */ = {isa = PBXFileReference; fileEncoding = 4; lastKnownFileType = sourcecode.cpp.h; path = is_http.hpp; sourceTree = "<group>"; };
		E6938FB615C38E6E00A73C80 /* is_keepalive.hpp */ = {isa = PBXFileReference; fileEncoding = 4; lastKnownFileType = sourcecode.cpp.h; path = is_keepalive.hpp; sourceTree = "<group>"; };
		E6938FB715C38E6E00A73C80 /* is_pod.hpp */ = {isa = PBXFileReference; fileEncoding = 4; lastKnownFileType = sourcecode.cpp.h; path = is_pod.hpp; sourceTree = "<group>"; };
		E6938FB815C38E6E00A73C80 /* is_simple.hpp */ = {isa = PBXFileReference; fileEncoding = 4; lastKnownFileType = sourcecode.cpp.h; path = is_simple.hpp; sourceTree = "<group>"; };
		E6938FB915C38E6E00A73C80 /* is_sync.hpp */ = {isa = PBXFileReference; fileEncoding = 4; lastKnownFileType = sourcecode.cpp.h; path = is_sync.hpp; sourceTree = "<group>"; };
		E6938FBA15C38E6E00A73C80 /* is_tcp.hpp */ = {isa = PBXFileReference; fileEncoding = 4; lastKnownFileType = sourcecode.cpp.h; path = is_tcp.hpp; sourceTree = "<group>"; };
		E6938FBB15C38E6E00A73C80 /* is_udp.hpp */ = {isa = PBXFileReference; fileEncoding = 4; lastKnownFileType = sourcecode.cpp.h; path = is_udp.hpp; sourceTree = "<group>"; };
		E6938FBC15C38E6E00A73C80 /* pod_or_normal.hpp */ = {isa = PBXFileReference; fileEncoding = 4; lastKnownFileType = sourcecode.cpp.h; path = pod_or_normal.hpp; sourceTree = "<group>"; };
		E6938FBD15C38E6E00A73C80 /* sync_only.hpp */ = {isa = PBXFileReference; fileEncoding = 4; lastKnownFileType = sourcecode.cpp.h; path = sync_only.hpp; sourceTree = "<group>"; };
		E6938FBE15C38E6E00A73C80 /* tags.hpp */ = {isa = PBXFileReference; fileEncoding = 4; lastKnownFileType = sourcecode.cpp.h; path = tags.hpp; sourceTree = "<group>"; };
		E6938FC015C38E6E00A73C80 /* char.hpp */ = {isa = PBXFileReference; fileEncoding = 4; lastKnownFileType = sourcecode.cpp.h; path = char.hpp; sourceTree = "<group>"; };
		E6938FC115C38E6E00A73C80 /* headers_container.hpp */ = {isa = PBXFileReference; fileEncoding = 4; lastKnownFileType = sourcecode.cpp.h; path = headers_container.hpp; sourceTree = "<group>"; };
		E6938FC215C38E6E00A73C80 /* istream.hpp */ = {isa = PBXFileReference; fileEncoding = 4; lastKnownFileType = sourcecode.cpp.h; path = istream.hpp; sourceTree = "<group>"; };
		E6938FC315C38E6E00A73C80 /* istringstream.hpp */ = {isa = PBXFileReference; fileEncoding = 4; lastKnownFileType = sourcecode.cpp.h; path = istringstream.hpp; sourceTree = "<group>"; };
		E6938FC415C38E6E00A73C80 /* ostream_iterator.hpp */ = {isa = PBXFileReference; fileEncoding = 4; lastKnownFileType = sourcecode.cpp.h; path = ostream_iterator.hpp; sourceTree = "<group>"; };
		E6938FC515C38E6E00A73C80 /* ostringstream.hpp */ = {isa = PBXFileReference; fileEncoding = 4; lastKnownFileType = sourcecode.cpp.h; path = ostringstream.hpp; sourceTree = "<group>"; };
		E6938FC615C38E6E00A73C80 /* string.hpp */ = {isa = PBXFileReference; fileEncoding = 4; lastKnownFileType = sourcecode.cpp.h; path = string.hpp; sourceTree = "<group>"; };
		E6938FC715C38E6E00A73C80 /* vector.hpp */ = {isa = PBXFileReference; fileEncoding = 4; lastKnownFileType = sourcecode.cpp.h; path = vector.hpp; sourceTree = "<group>"; };
		E6938FCA15C38E6E00A73C80 /* parse_uri.hpp */ = {isa = PBXFileReference; fileEncoding = 4; lastKnownFileType = sourcecode.cpp.h; path = parse_uri.hpp; sourceTree = "<group>"; };
		E6938FCB15C38E6E00A73C80 /* uri_parts.hpp */ = {isa = PBXFileReference; fileEncoding = 4; lastKnownFileType = sourcecode.cpp.h; path = uri_parts.hpp; sourceTree = "<group>"; };
		E6938FCD15C38E6E00A73C80 /* uri.hpp */ = {isa = PBXFileReference; fileEncoding = 4; lastKnownFileType = sourcecode.cpp.h; path = uri.hpp; sourceTree = "<group>"; };
		E6938FCF15C38E6E00A73C80 /* uri.hpp */ = {isa = PBXFileReference; fileEncoding = 4; lastKnownFileType = sourcecode.cpp.h; path = uri.hpp; sourceTree = "<group>"; };
		E6938FD015C38E6E00A73C80 /* uri.hpp */ = {isa = PBXFileReference; fileEncoding = 4; lastKnownFileType = sourcecode.cpp.h; path = uri.hpp; sourceTree = "<group>"; };
		E6938FD115C38E6E00A73C80 /* uri_accessors.hpp */ = {isa = PBXFileReference; fileEncoding = 4; lastKnownFileType = sourcecode.cpp.h; path = uri_accessors.hpp; sourceTree = "<group>"; };
		E6938FD215C38E6E00A73C80 /* uri.hpp */ = {isa = PBXFileReference; fileEncoding = 4; lastKnownFileType = sourcecode.cpp.h; path = uri.hpp; sourceTree = "<group>"; };
		E6938FD415C38E6E00A73C80 /* thread_pool.hpp */ = {isa = PBXFileReference; fileEncoding = 4; lastKnownFileType = sourcecode.cpp.h; path = thread_pool.hpp; sourceTree = "<group>"; };
		E6938FD515C38E6E00A73C80 /* version.hpp */ = {isa = PBXFileReference; fileEncoding = 4; lastKnownFileType = sourcecode.cpp.h; path = version.hpp; sourceTree = "<group>"; };
		E6938FD615C38E6E00A73C80 /* network.hpp */ = {isa = PBXFileReference; fileEncoding = 4; lastKnownFileType = sourcecode.cpp.h; name = network.hpp; path = boost/network.hpp; sourceTree = "<group>"; };
		E6938FD715C38EB600A73C80 /* main.cpp */ = {isa = PBXFileReference; fileEncoding = 4; lastKnownFileType = sourcecode.cpp.cpp; path = main.cpp; sourceTree = SOURCE_ROOT; };
/* End PBXFileReference section */

/* Begin PBXFrameworksBuildPhase section */
		2584A6C215C371A2003EBB0B /* Frameworks */ = {
			isa = PBXFrameworksBuildPhase;
			buildActionMask = 2147483647;
			files = (
			);
			runOnlyForDeploymentPostprocessing = 0;
		};
/* End PBXFrameworksBuildPhase section */

/* Begin PBXGroup section */
		2584A6AD15C36FA5003EBB0B = {
			isa = PBXGroup;
			children = (
				E6938DFD15C38C8400A73C80 /* cppnetlib-0.9.2 */,
				2584A6C715C371A2003EBB0B /* main */,
				2584A6B915C36FA6003EBB0B /* Products */,
			);
			sourceTree = "<group>";
		};
		2584A6B915C36FA6003EBB0B /* Products */ = {
			isa = PBXGroup;
			children = (
				2584A6C515C371A2003EBB0B /* teststd */,
			);
			name = Products;
			sourceTree = "<group>";
		};
		2584A6C715C371A2003EBB0B /* main */ = {
			isa = PBXGroup;
			children = (
				E6938FD715C38EB600A73C80 /* main.cpp */,
				2584A6CA15C371A2003EBB0B /* teststd.1 */,
			);
			name = main;
			path = teststd;
			sourceTree = "<group>";
		};
		E6938DFD15C38C8400A73C80 /* cppnetlib-0.9.2 */ = {
			isa = PBXGroup;
			children = (
				E6938EEA15C38E1000A73C80 /* boost */,
			);
			name = "cppnetlib-0.9.2";
			sourceTree = "<group>";
		};
		E6938EEA15C38E1000A73C80 /* boost */ = {
			isa = PBXGroup;
			children = (
				E6938EEB15C38E6E00A73C80 /* mime.hpp */,
				E6938EEC15C38E6E00A73C80 /* network */,
				E6938FD615C38E6E00A73C80 /* network.hpp */,
			);
			name = boost;
			sourceTree = "<group>";
		};
		E6938EEC15C38E6E00A73C80 /* network */ = {
			isa = PBXGroup;
			children = (
				E6938EED15C38E6E00A73C80 /* constants.hpp */,
				E6938EEE15C38E6E00A73C80 /* detail */,
				E6938EF215C38E6E00A73C80 /* include */,
				E6938EF715C38E6E00A73C80 /* message */,
				E6938F1715C38E6E00A73C80 /* message.hpp */,
				E6938F1815C38E6E00A73C80 /* message_fwd.hpp */,
				E6938F1915C38E6E00A73C80 /* protocol */,
				E6938FB015C38E6E00A73C80 /* protocol.hpp */,
				E6938FB115C38E6E00A73C80 /* support */,
				E6938FBE15C38E6E00A73C80 /* tags.hpp */,
				E6938FBF15C38E6E00A73C80 /* traits */,
				E6938FC815C38E6E00A73C80 /* uri */,
				E6938FD215C38E6E00A73C80 /* uri.hpp */,
				E6938FD315C38E6E00A73C80 /* utils */,
				E6938FD515C38E6E00A73C80 /* version.hpp */,
			);
			name = network;
			path = boost/network;
			sourceTree = "<group>";
		};
		E6938EEE15C38E6E00A73C80 /* detail */ = {
			isa = PBXGroup;
			children = (
				E6938EEF15C38E6E00A73C80 /* debug.hpp */,
				E6938EF015C38E6E00A73C80 /* directive_base.hpp */,
				E6938EF115C38E6E00A73C80 /* wrapper_base.hpp */,
			);
			path = detail;
			sourceTree = "<group>";
		};
		E6938EF215C38E6E00A73C80 /* include */ = {
			isa = PBXGroup;
			children = (
				E6938EF315C38E6E00A73C80 /* http */,
				E6938EF615C38E6E00A73C80 /* message.hpp */,
			);
			path = include;
			sourceTree = "<group>";
		};
		E6938EF315C38E6E00A73C80 /* http */ = {
			isa = PBXGroup;
			children = (
				E6938EF415C38E6E00A73C80 /* client.hpp */,
				E6938EF515C38E6E00A73C80 /* server.hpp */,
			);
			path = http;
			sourceTree = "<group>";
		};
		E6938EF715C38E6E00A73C80 /* message */ = {
			isa = PBXGroup;
			children = (
				E6938EF815C38E6E00A73C80 /* directives */,
				E6938EFE15C38E6E00A73C80 /* directives.hpp */,
				E6938EFF15C38E6E00A73C80 /* message_concept.hpp */,
				E6938F0015C38E6E00A73C80 /* modifiers */,
				E6938F0715C38E6E00A73C80 /* traits */,
				E6938F0C15C38E6E00A73C80 /* transformers */,
				E6938F1015C38E6E00A73C80 /* transformers.hpp */,
				E6938F1115C38E6E00A73C80 /* wrappers */,
				E6938F1615C38E6E00A73C80 /* wrappers.hpp */,
			);
			path = message;
			sourceTree = "<group>";
		};
		E6938EF815C38E6E00A73C80 /* directives */ = {
			isa = PBXGroup;
			children = (
				E6938EF915C38E6E00A73C80 /* detail */,
				E6938EFC15C38E6E00A73C80 /* header.hpp */,
				E6938EFD15C38E6E00A73C80 /* remove_header.hpp */,
			);
			path = directives;
			sourceTree = "<group>";
		};
		E6938EF915C38E6E00A73C80 /* detail */ = {
			isa = PBXGroup;
			children = (
				E6938EFA15C38E6E00A73C80 /* string_directive.hpp */,
				E6938EFB15C38E6E00A73C80 /* string_value.hpp */,
			);
			path = detail;
			sourceTree = "<group>";
		};
		E6938F0015C38E6E00A73C80 /* modifiers */ = {
			isa = PBXGroup;
			children = (
				E6938F0115C38E6E00A73C80 /* add_header.hpp */,
				E6938F0215C38E6E00A73C80 /* body.hpp */,
				E6938F0315C38E6E00A73C80 /* clear_headers.hpp */,
				E6938F0415C38E6E00A73C80 /* destination.hpp */,
				E6938F0515C38E6E00A73C80 /* remove_header.hpp */,
				E6938F0615C38E6E00A73C80 /* source.hpp */,
			);
			path = modifiers;
			sourceTree = "<group>";
		};
		E6938F0715C38E6E00A73C80 /* traits */ = {
			isa = PBXGroup;
			children = (
				E6938F0815C38E6E00A73C80 /* body.hpp */,
				E6938F0915C38E6E00A73C80 /* destination.hpp */,
				E6938F0A15C38E6E00A73C80 /* headers.hpp */,
				E6938F0B15C38E6E00A73C80 /* source.hpp */,
			);
			path = traits;
			sourceTree = "<group>";
		};
		E6938F0C15C38E6E00A73C80 /* transformers */ = {
			isa = PBXGroup;
			children = (
				E6938F0D15C38E6E00A73C80 /* selectors.hpp */,
				E6938F0E15C38E6E00A73C80 /* to_lower.hpp */,
				E6938F0F15C38E6E00A73C80 /* to_upper.hpp */,
			);
			path = transformers;
			sourceTree = "<group>";
		};
		E6938F1115C38E6E00A73C80 /* wrappers */ = {
			isa = PBXGroup;
			children = (
				E6938F1215C38E6E00A73C80 /* body.hpp */,
				E6938F1315C38E6E00A73C80 /* destination.hpp */,
				E6938F1415C38E6E00A73C80 /* headers.hpp */,
				E6938F1515C38E6E00A73C80 /* source.hpp */,
			);
			path = wrappers;
			sourceTree = "<group>";
		};
		E6938F1915C38E6E00A73C80 /* protocol */ = {
			isa = PBXGroup;
			children = (
				E6938F1A15C38E6E00A73C80 /* http */,
				E6938FAF15C38E6E00A73C80 /* http.hpp */,
			);
			path = protocol;
			sourceTree = "<group>";
		};
		E6938F1A15C38E6E00A73C80 /* http */ = {
			isa = PBXGroup;
			children = (
				E6938F1B15C38E6E00A73C80 /* algorithms */,
				E6938F1D15C38E6E00A73C80 /* client */,
				E6938F2C15C38E6E00A73C80 /* client.hpp */,
				E6938F2D15C38E6E00A73C80 /* client_fwd.hpp */,
				E6938F2E15C38E6E00A73C80 /* errors.hpp */,
				E6938F2F15C38E6E00A73C80 /* impl */,
				E6938F3515C38E6E00A73C80 /* message */,
				E6938F6A15C38E6E00A73C80 /* message.hpp */,
				E6938F6B15C38E6E00A73C80 /* parameters.hpp */,
				E6938F6C15C38E6E00A73C80 /* parser */,
				E6938F6E15C38E6E00A73C80 /* parser.hpp */,
				E6938F6F15C38E6E00A73C80 /* policies */,
				E6938F7515C38E6E00A73C80 /* request.hpp */,
				E6938F7615C38E6E00A73C80 /* request_concept.hpp */,
				E6938F7715C38E6E00A73C80 /* request_parser.hpp */,
				E6938F7815C38E6E00A73C80 /* response.hpp */,
				E6938F7915C38E6E00A73C80 /* response_concept.hpp */,
				E6938F7A15C38E6E00A73C80 /* server */,
				E6938F8615C38E6E00A73C80 /* server.hpp */,
				E6938F8715C38E6E00A73C80 /* support */,
				E6938F8F15C38E6E00A73C80 /* tags.hpp */,
				E6938F9015C38E6E00A73C80 /* traits */,
				E6938FAE15C38E6E00A73C80 /* traits.hpp */,
			);
			path = http;
			sourceTree = "<group>";
		};
		E6938F1B15C38E6E00A73C80 /* algorithms */ = {
			isa = PBXGroup;
			children = (
				E6938F1C15C38E6E00A73C80 /* linearize.hpp */,
			);
			path = algorithms;
			sourceTree = "<group>";
		};
		E6938F1D15C38E6E00A73C80 /* client */ = {
			isa = PBXGroup;
			children = (
				E6938F1E15C38E6E00A73C80 /* async_impl.hpp */,
				E6938F1F15C38E6E00A73C80 /* connection */,
				E6938F2715C38E6E00A73C80 /* facade.hpp */,
				E6938F2815C38E6E00A73C80 /* macros.hpp */,
				E6938F2915C38E6E00A73C80 /* parameters.hpp */,
				E6938F2A15C38E6E00A73C80 /* pimpl.hpp */,
				E6938F2B15C38E6E00A73C80 /* sync_impl.hpp */,
			);
			path = client;
			sourceTree = "<group>";
		};
		E6938F1F15C38E6E00A73C80 /* connection */ = {
			isa = PBXGroup;
			children = (
				E6938F2015C38E6E00A73C80 /* async_base.hpp */,
				E6938F2115C38E6E00A73C80 /* async_normal.hpp */,
				E6938F2215C38E6E00A73C80 /* async_protocol_handler.hpp */,
				E6938F2315C38E6E00A73C80 /* async_ssl.hpp */,
				E6938F2415C38E6E00A73C80 /* sync_base.hpp */,
				E6938F2515C38E6E00A73C80 /* sync_normal.hpp */,
				E6938F2615C38E6E00A73C80 /* sync_ssl.hpp */,
			);
			path = connection;
			sourceTree = "<group>";
		};
		E6938F2F15C38E6E00A73C80 /* impl */ = {
			isa = PBXGroup;
			children = (
				E6938F3015C38E6E00A73C80 /* message.ipp */,
				E6938F3115C38E6E00A73C80 /* parser.ipp */,
				E6938F3215C38E6E00A73C80 /* request.hpp */,
				E6938F3315C38E6E00A73C80 /* request_parser.ipp */,
				E6938F3415C38E6E00A73C80 /* response.ipp */,
			);
			path = impl;
			sourceTree = "<group>";
		};
		E6938F3515C38E6E00A73C80 /* message */ = {
			isa = PBXGroup;
			children = (
				E6938F3615C38E6E00A73C80 /* async_message.hpp */,
				E6938F3715C38E6E00A73C80 /* directives */,
				E6938F3F15C38E6E00A73C80 /* header */,
				E6938F4215C38E6E00A73C80 /* header.hpp */,
				E6938F4315C38E6E00A73C80 /* header_concept.hpp */,
				E6938F4415C38E6E00A73C80 /* message_base.hpp */,
				E6938F4515C38E6E00A73C80 /* modifiers */,
				E6938F5215C38E6E00A73C80 /* traits */,
				E6938F5615C38E6E00A73C80 /* wrappers */,
			);
			path = message;
			sourceTree = "<group>";
		};
		E6938F3715C38E6E00A73C80 /* directives */ = {
			isa = PBXGroup;
			children = (
				E6938F3815C38E6E00A73C80 /* major_version.hpp */,
				E6938F3915C38E6E00A73C80 /* method.hpp */,
				E6938F3A15C38E6E00A73C80 /* minor_version.hpp */,
				E6938F3B15C38E6E00A73C80 /* status.hpp */,
				E6938F3C15C38E6E00A73C80 /* status_message.hpp */,
				E6938F3D15C38E6E00A73C80 /* uri.hpp */,
				E6938F3E15C38E6E00A73C80 /* version.hpp */,
			);
			path = directives;
			sourceTree = "<group>";
		};
		E6938F3F15C38E6E00A73C80 /* header */ = {
			isa = PBXGroup;
			children = (
				E6938F4015C38E6E00A73C80 /* name.hpp */,
				E6938F4115C38E6E00A73C80 /* value.hpp */,
			);
			path = header;
			sourceTree = "<group>";
		};
		E6938F4515C38E6E00A73C80 /* modifiers */ = {
			isa = PBXGroup;
			children = (
				E6938F4615C38E6E00A73C80 /* body.hpp */,
				E6938F4715C38E6E00A73C80 /* clear_headers.hpp */,
				E6938F4815C38E6E00A73C80 /* destination.hpp */,
				E6938F4915C38E6E00A73C80 /* headers.hpp */,
				E6938F4A15C38E6E00A73C80 /* major_version.hpp */,
				E6938F4B15C38E6E00A73C80 /* method.hpp */,
				E6938F4C15C38E6E00A73C80 /* minor_version.hpp */,
				E6938F4D15C38E6E00A73C80 /* source.hpp */,
				E6938F4E15C38E6E00A73C80 /* status.hpp */,
				E6938F4F15C38E6E00A73C80 /* status_message.hpp */,
				E6938F5015C38E6E00A73C80 /* uri.hpp */,
				E6938F5115C38E6E00A73C80 /* version.hpp */,
			);
			path = modifiers;
			sourceTree = "<group>";
		};
		E6938F5215C38E6E00A73C80 /* traits */ = {
			isa = PBXGroup;
			children = (
				E6938F5315C38E6E00A73C80 /* status.hpp */,
				E6938F5415C38E6E00A73C80 /* status_message.hpp */,
				E6938F5515C38E6E00A73C80 /* version.hpp */,
			);
			path = traits;
			sourceTree = "<group>";
		};
		E6938F5615C38E6E00A73C80 /* wrappers */ = {
			isa = PBXGroup;
			children = (
				E6938F5715C38E6E00A73C80 /* anchor.hpp */,
				E6938F5815C38E6E00A73C80 /* body.hpp */,
				E6938F5915C38E6E00A73C80 /* destination.hpp */,
				E6938F5A15C38E6E00A73C80 /* headers.hpp */,
				E6938F5B15C38E6E00A73C80 /* helper.hpp */,
				E6938F5C15C38E6E00A73C80 /* host.hpp */,
				E6938F5D15C38E6E00A73C80 /* major_version.hpp */,
				E6938F5E15C38E6E00A73C80 /* method.hpp */,
				E6938F5F15C38E6E00A73C80 /* minor_version.hpp */,
				E6938F6015C38E6E00A73C80 /* path.hpp */,
				E6938F6115C38E6E00A73C80 /* port.hpp */,
				E6938F6215C38E6E00A73C80 /* protocol.hpp */,
				E6938F6315C38E6E00A73C80 /* query.hpp */,
				E6938F6415C38E6E00A73C80 /* ready.hpp */,
				E6938F6515C38E6E00A73C80 /* source.hpp */,
				E6938F6615C38E6E00A73C80 /* status.hpp */,
				E6938F6715C38E6E00A73C80 /* status_message.hpp */,
				E6938F6815C38E6E00A73C80 /* uri.hpp */,
				E6938F6915C38E6E00A73C80 /* version.hpp */,
			);
			path = wrappers;
			sourceTree = "<group>";
		};
		E6938F6C15C38E6E00A73C80 /* parser */ = {
			isa = PBXGroup;
			children = (
				E6938F6D15C38E6E00A73C80 /* incremental.hpp */,
			);
			path = parser;
			sourceTree = "<group>";
		};
		E6938F6F15C38E6E00A73C80 /* policies */ = {
			isa = PBXGroup;
			children = (
				E6938F7015C38E6E00A73C80 /* async_connection.hpp */,
				E6938F7115C38E6E00A73C80 /* async_resolver.hpp */,
				E6938F7215C38E6E00A73C80 /* pooled_connection.hpp */,
				E6938F7315C38E6E00A73C80 /* simple_connection.hpp */,
				E6938F7415C38E6E00A73C80 /* sync_resolver.hpp */,
			);
			path = policies;
			sourceTree = "<group>";
		};
		E6938F7A15C38E6E00A73C80 /* server */ = {
			isa = PBXGroup;
			children = (
				E6938F7B15C38E6E00A73C80 /* async_connection.hpp */,
				E6938F7C15C38E6E00A73C80 /* async_server.hpp */,
				E6938F7D15C38E6E00A73C80 /* impl */,
				E6938F7F15C38E6E00A73C80 /* parameters.hpp */,
				E6938F8015C38E6E00A73C80 /* request.hpp */,
				E6938F8115C38E6E00A73C80 /* request_parser.hpp */,
				E6938F8215C38E6E00A73C80 /* socket_options_base.hpp */,
				E6938F8315C38E6E00A73C80 /* storage_base.hpp */,
				E6938F8415C38E6E00A73C80 /* sync_connection.hpp */,
				E6938F8515C38E6E00A73C80 /* sync_server.hpp */,
			);
			path = server;
			sourceTree = "<group>";
		};
		E6938F7D15C38E6E00A73C80 /* impl */ = {
			isa = PBXGroup;
			children = (
				E6938F7E15C38E6E00A73C80 /* parsers.ipp */,
			);
			path = impl;
			sourceTree = "<group>";
		};
		E6938F8715C38E6E00A73C80 /* support */ = {
			isa = PBXGroup;
			children = (
				E6938F8815C38E6E00A73C80 /* client_or_server.hpp */,
				E6938F8915C38E6E00A73C80 /* is_client.hpp */,
				E6938F8A15C38E6E00A73C80 /* is_http.hpp */,
				E6938F8B15C38E6E00A73C80 /* is_keepalive.hpp */,
				E6938F8C15C38E6E00A73C80 /* is_server.hpp */,
				E6938F8D15C38E6E00A73C80 /* is_simple.hpp */,
				E6938F8E15C38E6E00A73C80 /* sync_only.hpp */,
			);
			path = support;
			sourceTree = "<group>";
		};
		E6938F9015C38E6E00A73C80 /* traits */ = {
			isa = PBXGroup;
			children = (
				E6938F9115C38E6E00A73C80 /* connection_keepalive.hpp */,
				E6938F9215C38E6E00A73C80 /* connection_policy.hpp */,
				E6938F9315C38E6E00A73C80 /* impl */,
				E6938FA915C38E6E00A73C80 /* message_traits.hpp */,
				E6938FAA15C38E6E00A73C80 /* parser_traits.hpp */,
				E6938FAB15C38E6E00A73C80 /* resolver.hpp */,
				E6938FAC15C38E6E00A73C80 /* resolver_policy.hpp */,
				E6938FAD15C38E6E00A73C80 /* vector.hpp */,
			);
			path = traits;
			sourceTree = "<group>";
		};
		E6938F9315C38E6E00A73C80 /* impl */ = {
			isa = PBXGroup;
			children = (
				E6938F9415C38E6E00A73C80 /* chunk_cache.ipp */,
				E6938F9515C38E6E00A73C80 /* content.ipp */,
				E6938F9615C38E6E00A73C80 /* cookie_name.ipp */,
				E6938F9715C38E6E00A73C80 /* cookie_value.ipp */,
				E6938F9815C38E6E00A73C80 /* cookies_container.ipp */,
				E6938F9915C38E6E00A73C80 /* delimiters.ipp */,
				E6938F9A15C38E6E00A73C80 /* header_name.ipp */,
				E6938F9B15C38E6E00A73C80 /* header_value.ipp */,
				E6938F9C15C38E6E00A73C80 /* headers.ipp */,
				E6938F9D15C38E6E00A73C80 /* headers_container.ipp */,
				E6938F9E15C38E6E00A73C80 /* method.ipp */,
				E6938F9F15C38E6E00A73C80 /* post_content.ipp */,
				E6938FA015C38E6E00A73C80 /* query_container.ipp */,
				E6938FA115C38E6E00A73C80 /* query_name.ipp */,
				E6938FA215C38E6E00A73C80 /* query_string.ipp */,
				E6938FA315C38E6E00A73C80 /* query_value.ipp */,
				E6938FA415C38E6E00A73C80 /* request_methods.ipp */,
				E6938FA515C38E6E00A73C80 /* resource.ipp */,
				E6938FA615C38E6E00A73C80 /* response_code.ipp */,
				E6938FA715C38E6E00A73C80 /* response_message.ipp */,
				E6938FA815C38E6E00A73C80 /* status_message.ipp */,
			);
			path = impl;
			sourceTree = "<group>";
		};
		E6938FB115C38E6E00A73C80 /* support */ = {
			isa = PBXGroup;
			children = (
				E6938FB215C38E6E00A73C80 /* is_async.hpp */,
				E6938FB315C38E6E00A73C80 /* is_default_string.hpp */,
				E6938FB415C38E6E00A73C80 /* is_default_wstring.hpp */,
				E6938FB515C38E6E00A73C80 /* is_http.hpp */,
				E6938FB615C38E6E00A73C80 /* is_keepalive.hpp */,
				E6938FB715C38E6E00A73C80 /* is_pod.hpp */,
				E6938FB815C38E6E00A73C80 /* is_simple.hpp */,
				E6938FB915C38E6E00A73C80 /* is_sync.hpp */,
				E6938FBA15C38E6E00A73C80 /* is_tcp.hpp */,
				E6938FBB15C38E6E00A73C80 /* is_udp.hpp */,
				E6938FBC15C38E6E00A73C80 /* pod_or_normal.hpp */,
				E6938FBD15C38E6E00A73C80 /* sync_only.hpp */,
			);
			path = support;
			sourceTree = "<group>";
		};
		E6938FBF15C38E6E00A73C80 /* traits */ = {
			isa = PBXGroup;
			children = (
				E6938FC015C38E6E00A73C80 /* char.hpp */,
				E6938FC115C38E6E00A73C80 /* headers_container.hpp */,
				E6938FC215C38E6E00A73C80 /* istream.hpp */,
				E6938FC315C38E6E00A73C80 /* istringstream.hpp */,
				E6938FC415C38E6E00A73C80 /* ostream_iterator.hpp */,
				E6938FC515C38E6E00A73C80 /* ostringstream.hpp */,
				E6938FC615C38E6E00A73C80 /* string.hpp */,
				E6938FC715C38E6E00A73C80 /* vector.hpp */,
			);
			path = traits;
			sourceTree = "<group>";
		};
		E6938FC815C38E6E00A73C80 /* uri */ = {
			isa = PBXGroup;
			children = (
				E6938FC915C38E6E00A73C80 /* detail */,
				E6938FCC15C38E6E00A73C80 /* http */,
				E6938FCE15C38E6E00A73C80 /* mailto */,
				E6938FD015C38E6E00A73C80 /* uri.hpp */,
				E6938FD115C38E6E00A73C80 /* uri_accessors.hpp */,
			);
			path = uri;
			sourceTree = "<group>";
		};
		E6938FC915C38E6E00A73C80 /* detail */ = {
			isa = PBXGroup;
			children = (
				E6938FCA15C38E6E00A73C80 /* parse_uri.hpp */,
				E6938FCB15C38E6E00A73C80 /* uri_parts.hpp */,
			);
			path = detail;
			sourceTree = "<group>";
		};
		E6938FCC15C38E6E00A73C80 /* http */ = {
			isa = PBXGroup;
			children = (
				E6938FCD15C38E6E00A73C80 /* uri.hpp */,
			);
			path = http;
			sourceTree = "<group>";
		};
		E6938FCE15C38E6E00A73C80 /* mailto */ = {
			isa = PBXGroup;
			children = (
				E6938FCF15C38E6E00A73C80 /* uri.hpp */,
			);
			path = mailto;
			sourceTree = "<group>";
		};
		E6938FD315C38E6E00A73C80 /* utils */ = {
			isa = PBXGroup;
			children = (
				E6938FD415C38E6E00A73C80 /* thread_pool.hpp */,
			);
			path = utils;
			sourceTree = "<group>";
		};
/* End PBXGroup section */

/* Begin PBXNativeTarget section */
		2584A6C415C371A2003EBB0B /* teststd */ = {
			isa = PBXNativeTarget;
			buildConfigurationList = 2584A6CC15C371A2003EBB0B /* Build configuration list for PBXNativeTarget "teststd" */;
			buildPhases = (
				2584A6C115C371A2003EBB0B /* Sources */,
				2584A6C215C371A2003EBB0B /* Frameworks */,
				2584A6C315C371A2003EBB0B /* CopyFiles */,
			);
			buildRules = (
			);
			dependencies = (
			);
			name = teststd;
			productName = teststd;
			productReference = 2584A6C515C371A2003EBB0B /* teststd */;
			productType = "com.apple.product-type.tool";
		};
/* End PBXNativeTarget section */

/* Begin PBXProject section */
		2584A6AF15C36FA5003EBB0B /* Project object */ = {
			isa = PBXProject;
			attributes = {
				LastUpgradeCheck = 0430;
			};
			buildConfigurationList = 2584A6B215C36FA5003EBB0B /* Build configuration list for PBXProject "cppnetlib" */;
			compatibilityVersion = "Xcode 3.2";
			developmentRegion = English;
			hasScannedForEncodings = 0;
			knownRegions = (
				en,
			);
			mainGroup = 2584A6AD15C36FA5003EBB0B;
			productRefGroup = 2584A6B915C36FA6003EBB0B /* Products */;
			projectDirPath = "";
			projectRoot = "";
			targets = (
				2584A6C415C371A2003EBB0B /* teststd */,
			);
		};
/* End PBXProject section */

/* Begin PBXSourcesBuildPhase section */
		2584A6C115C371A2003EBB0B /* Sources */ = {
			isa = PBXSourcesBuildPhase;
			buildActionMask = 2147483647;
			files = (
				E6938FD815C38EB600A73C80 /* main.cpp in Sources */,
			);
			runOnlyForDeploymentPostprocessing = 0;
		};
/* End PBXSourcesBuildPhase section */

/* Begin XCBuildConfiguration section */
		2584A6BA15C36FA6003EBB0B /* Debug */ = {
			isa = XCBuildConfiguration;
			buildSettings = {
				ALWAYS_SEARCH_USER_PATHS = NO;
				ARCHS = "$(ARCHS_STANDARD_64_BIT)";
				COPY_PHASE_STRIP = NO;
				GCC_C_LANGUAGE_STANDARD = gnu99;
				GCC_DYNAMIC_NO_PIC = NO;
				GCC_ENABLE_OBJC_EXCEPTIONS = YES;
				GCC_OPTIMIZATION_LEVEL = 0;
				GCC_PREPROCESSOR_DEFINITIONS = (
					"DEBUG=1",
					"$(inherited)",
				);
				GCC_SYMBOLS_PRIVATE_EXTERN = NO;
				GCC_VERSION = com.apple.compilers.llvm.clang.1_0;
				GCC_WARN_64_TO_32_BIT_CONVERSION = YES;
				GCC_WARN_ABOUT_RETURN_TYPE = YES;
				GCC_WARN_UNINITIALIZED_AUTOS = YES;
				GCC_WARN_UNUSED_VARIABLE = YES;
				MACOSX_DEPLOYMENT_TARGET = 10.7;
				ONLY_ACTIVE_ARCH = YES;
				SDKROOT = macosx;
			};
			name = Debug;
		};
		2584A6BB15C36FA6003EBB0B /* Release */ = {
			isa = XCBuildConfiguration;
			buildSettings = {
				ALWAYS_SEARCH_USER_PATHS = NO;
				ARCHS = "$(ARCHS_STANDARD_64_BIT)";
				COPY_PHASE_STRIP = YES;
				DEBUG_INFORMATION_FORMAT = "dwarf-with-dsym";
				GCC_C_LANGUAGE_STANDARD = gnu99;
				GCC_ENABLE_OBJC_EXCEPTIONS = YES;
				GCC_VERSION = com.apple.compilers.llvm.clang.1_0;
				GCC_WARN_64_TO_32_BIT_CONVERSION = YES;
				GCC_WARN_ABOUT_RETURN_TYPE = YES;
				GCC_WARN_UNINITIALIZED_AUTOS = YES;
				GCC_WARN_UNUSED_VARIABLE = YES;
				MACOSX_DEPLOYMENT_TARGET = 10.7;
				SDKROOT = macosx;
			};
			name = Release;
		};
		2584A6CD15C371A2003EBB0B /* Debug */ = {
			isa = XCBuildConfiguration;
			buildSettings = {
				ALWAYS_SEARCH_USER_PATHS = YES;
				HEADER_SEARCH_PATHS = (
					/usr/include/boost_1_50,
					.,
				);
				LIBRARY_SEARCH_PATHS = /opt/local/lib;
				OTHER_LDFLAGS = (
					"-lboost_system-mt",
					"-lboost_thread-mt",
				);
				PRODUCT_NAME = "$(TARGET_NAME)";
			};
			name = Debug;
		};
		2584A6CE15C371A2003EBB0B /* Release */ = {
			isa = XCBuildConfiguration;
			buildSettings = {
				ALWAYS_SEARCH_USER_PATHS = YES;
				HEADER_SEARCH_PATHS = (
					/usr/include/boost_1_50,
					.,
				);
				LIBRARY_SEARCH_PATHS = /opt/local/lib;
				PRODUCT_NAME = "$(TARGET_NAME)";
			};
			name = Release;
		};
/* End XCBuildConfiguration section */

/* Begin XCConfigurationList section */
		2584A6B215C36FA5003EBB0B /* Build configuration list for PBXProject "cppnetlib" */ = {
			isa = XCConfigurationList;
			buildConfigurations = (
				2584A6BA15C36FA6003EBB0B /* Debug */,
				2584A6BB15C36FA6003EBB0B /* Release */,
			);
			defaultConfigurationIsVisible = 0;
			defaultConfigurationName = Release;
		};
		2584A6CC15C371A2003EBB0B /* Build configuration list for PBXNativeTarget "teststd" */ = {
			isa = XCConfigurationList;
			buildConfigurations = (
				2584A6CD15C371A2003EBB0B /* Debug */,
				2584A6CE15C371A2003EBB0B /* Release */,
			);
			defaultConfigurationIsVisible = 0;
			defaultConfigurationName = Release;
		};
/* End XCConfigurationList section */
	};
	rootObject = 2584A6AF15C36FA5003EBB0B /* Project object */;
}
