// !$*UTF8*$!
{
	archiveVersion = 1;
	classes = {
	};
	objectVersion = 46;
	objects = {

/* Begin PBXBuildFile section */
		252C3A451593A2E30044EB3C /* Sparkle.framework in Frameworks */ = {isa = PBXBuildFile; fileRef = 252C3A441593A2E30044EB3C /* Sparkle.framework */; };
		252C3A471593A35D0044EB3C /* Sparkle.framework in CopyFiles */ = {isa = PBXBuildFile; fileRef = 252C3A441593A2E30044EB3C /* Sparkle.framework */; };
		252C3A491593A5150044EB3C /* dsa_pub.pem in Resources */ = {isa = PBXBuildFile; fileRef = 252C3A481593A5150044EB3C /* dsa_pub.pem */; };
		252C3A681593CAA10044EB3C /* Lumberjack.framework in Frameworks */ = {isa = PBXBuildFile; fileRef = 252C3A671593CAA10044EB3C /* Lumberjack.framework */; };
		252C3A691593CB780044EB3C /* DDLog.m in Sources */ = {isa = PBXBuildFile; fileRef = 252C3A5B1593C6A70044EB3C /* DDLog.m */; };
		252C3A6A1593CB9B0044EB3C /* DDASLLogger.m in Sources */ = {isa = PBXBuildFile; fileRef = 252C3A571593C6A70044EB3C /* DDASLLogger.m */; };
		252C3A6B1593CBA00044EB3C /* DDFileLogger.m in Sources */ = {isa = PBXBuildFile; fileRef = 252C3A591593C6A70044EB3C /* DDFileLogger.m */; };
		252C3A6C1593CBA50044EB3C /* DDTTYLogger.m in Sources */ = {isa = PBXBuildFile; fileRef = 252C3A5D1593C6A80044EB3C /* DDTTYLogger.m */; };
		252C3A981593E84F0044EB3C /* CompressingLogFileManager.m in Sources */ = {isa = PBXBuildFile; fileRef = 252C3A971593E84F0044EB3C /* CompressingLogFileManager.m */; };
		252C3A9F1593F0500044EB3C /* logging.h in Sources */ = {isa = PBXBuildFile; fileRef = 252C3A9E1593EF570044EB3C /* logging.h */; };
		25300E8B15A385BE009CDA08 /* GmailSheetController.m in Sources */ = {isa = PBXBuildFile; fileRef = 25300E8915A385BE009CDA08 /* GmailSheetController.m */; };
		25300E8C15A385BE009CDA08 /* Gmail.xib in Resources */ = {isa = PBXBuildFile; fileRef = 25300E8A15A385BE009CDA08 /* Gmail.xib */; };
		25300E9015A3BE74009CDA08 /* FirstRunSheetController.m in Sources */ = {isa = PBXBuildFile; fileRef = 25300E8E15A3BE73009CDA08 /* FirstRunSheetController.m */; };
		25300E9115A3BE74009CDA08 /* FirstRun.xib in Resources */ = {isa = PBXBuildFile; fileRef = 25300E8F15A3BE73009CDA08 /* FirstRun.xib */; };
		253C3D7F159BBF9400120B8D /* BoxFSA.m in Sources */ = {isa = PBXBuildFile; fileRef = 253C3D7E159BBF9400120B8D /* BoxFSA.m */; };
		256C3560158EA75F00E2BEC4 /* Cocoa.framework in Frameworks */ = {isa = PBXBuildFile; fileRef = 256C355F158EA75F00E2BEC4 /* Cocoa.framework */; };
		256C356A158EA75F00E2BEC4 /* InfoPlist.strings in Resources */ = {isa = PBXBuildFile; fileRef = 256C3568158EA75F00E2BEC4 /* InfoPlist.strings */; };
		256C356C158EA75F00E2BEC4 /* main.m in Sources */ = {isa = PBXBuildFile; fileRef = 256C356B158EA75F00E2BEC4 /* main.m */; };
		256C3570158EA75F00E2BEC4 /* Credits.rtf in Resources */ = {isa = PBXBuildFile; fileRef = 256C356E158EA75F00E2BEC4 /* Credits.rtf */; };
		256C3573158EA75F00E2BEC4 /* AppDelegate.m in Sources */ = {isa = PBXBuildFile; fileRef = 256C3572158EA75F00E2BEC4 /* AppDelegate.m */; };
		256C3576158EA75F00E2BEC4 /* MainMenu.xib in Resources */ = {isa = PBXBuildFile; fileRef = 256C3574158EA75F00E2BEC4 /* MainMenu.xib */; };
		256C357E158EA75F00E2BEC4 /* SenTestingKit.framework in Frameworks */ = {isa = PBXBuildFile; fileRef = 256C357D158EA75F00E2BEC4 /* SenTestingKit.framework */; };
		256C357F158EA75F00E2BEC4 /* Cocoa.framework in Frameworks */ = {isa = PBXBuildFile; fileRef = 256C355F158EA75F00E2BEC4 /* Cocoa.framework */; };
		256C3587158EA75F00E2BEC4 /* InfoPlist.strings in Resources */ = {isa = PBXBuildFile; fileRef = 256C3585158EA75F00E2BEC4 /* InfoPlist.strings */; };
		256C358A158EA75F00E2BEC4 /* Youcrypt_Mac_alphaTests.m in Sources */ = {isa = PBXBuildFile; fileRef = 256C3589158EA75F00E2BEC4 /* Youcrypt_Mac_alphaTests.m */; };
		256C359E158EA88700E2BEC4 /* PreferenceController.m in Sources */ = {isa = PBXBuildFile; fileRef = 256C359C158EA88700E2BEC4 /* PreferenceController.m */; };
		256C35A9158EAF8700E2BEC4 /* Preferences.xib in Resources */ = {isa = PBXBuildFile; fileRef = 256C35A8158EAF8700E2BEC4 /* Preferences.xib */; };
		25B1E509158FF5D400CDBC46 /* pipetest.c in Sources */ = {isa = PBXBuildFile; fileRef = 25B1E508158FF5D400CDBC46 /* pipetest.c */; };
		25EE6A5915928D2C008A0DC8 /* Security.framework in Frameworks */ = {isa = PBXBuildFile; fileRef = 25EE6A5815928D2C008A0DC8 /* Security.framework */; };
		25EE6A5D15928D5C008A0DC8 /* SSKeychain.m in Sources */ = {isa = PBXBuildFile; fileRef = 25EE6A5C15928D5C008A0DC8 /* SSKeychain.m */; };
		25F3D14C15923FE800E3383C /* Decrypt.m in Sources */ = {isa = PBXBuildFile; fileRef = 25F3D14A15923FE800E3383C /* Decrypt.m */; };
		25F3D14D15923FE800E3383C /* Decrypt.xib in Resources */ = {isa = PBXBuildFile; fileRef = 25F3D14B15923FE800E3383C /* Decrypt.xib */; };
		25F3D1511592435600E3383C /* libFunctions.m in Sources */ = {isa = PBXBuildFile; fileRef = 25F3D1501592435600E3383C /* libFunctions.m */; };
		25F3D15B159244E800E3383C /* Encrypt.xib in Resources */ = {isa = PBXBuildFile; fileRef = 25F3D159159244E800E3383C /* Encrypt.xib */; };
		25F6997215A4C2FD00A67879 /* gmail-logo.jpeg in Resources */ = {isa = PBXBuildFile; fileRef = 25F6997115A4C2FD00A67879 /* gmail-logo.jpeg */; };
		25F6997415A4C67100A67879 /* box-logo.png in Resources */ = {isa = PBXBuildFile; fileRef = 25F6997315A4C67100A67879 /* box-logo.png */; };
		25F6997615A4D00A00A67879 /* gmail-logo2.jpeg in Resources */ = {isa = PBXBuildFile; fileRef = 25F6997515A4D00A00A67879 /* gmail-logo2.jpeg */; };
		25F6997815A4D26000A67879 /* gmaillogo.png in Resources */ = {isa = PBXBuildFile; fileRef = 25F6997715A4D26000A67879 /* gmaillogo.png */; };
		25F6997A15A4DA2B00A67879 /* DropBox.png in Resources */ = {isa = PBXBuildFile; fileRef = 25F6997915A4DA2B00A67879 /* DropBox.png */; };
		25FDA05415A2229B004F2914 /* simple-mailer.py in Resources */ = {isa = PBXBuildFile; fileRef = 25FDA05315A2229B004F2914 /* simple-mailer.py */; };
		25FDA06515A232DC004F2914 /* XMLReader.m in Sources */ = {isa = PBXBuildFile; fileRef = 25FDA06415A232DC004F2914 /* XMLReader.m */; };
		25FDA07715A284CD004F2914 /* XMLDictionary.m in Sources */ = {isa = PBXBuildFile; fileRef = 25FDA07615A284CD004F2914 /* XMLDictionary.m */; };
		E007C09D15A646B500D60802 /* libFunctions.m in Sources */ = {isa = PBXBuildFile; fileRef = 25F3D1501592435600E3383C /* libFunctions.m */; };
		E007C09E15A646CF00D60802 /* SSKeychain.m in Sources */ = {isa = PBXBuildFile; fileRef = 25EE6A5C15928D5C008A0DC8 /* SSKeychain.m */; };
		E007C09F15A646DC00D60802 /* Security.framework in Frameworks */ = {isa = PBXBuildFile; fileRef = 25EE6A5815928D2C008A0DC8 /* Security.framework */; };
		E054042315AB1CE10011E5CC /* RestoreController.m in Sources */ = {isa = PBXBuildFile; fileRef = E054042115AB1CE10011E5CC /* RestoreController.m */; };
		E054042415AB1CE10011E5CC /* Restore.xib in Resources */ = {isa = PBXBuildFile; fileRef = E054042215AB1CE10011E5CC /* Restore.xib */; };
		E06E2B4115A76ABE00E52B2D /* ListRightClick.xib in Resources */ = {isa = PBXBuildFile; fileRef = E06E2B4015A76ABE00E52B2D /* ListRightClick.xib */; };
		E0A2849815A61A26008A949A /* logo-512x512-alpha.icns in Resources */ = {isa = PBXBuildFile; fileRef = E0A2849715A61A26008A949A /* logo-512x512-alpha.icns */; };
		E0BF0E951596B9C8002F9FB9 /* YoucryptDirectory.m in Sources */ = {isa = PBXBuildFile; fileRef = E0BF0E941596B9C8002F9FB9 /* YoucryptDirectory.m */; };
		E0BF0E9D1596D01F002F9FB9 /* Foundation.framework in Frameworks */ = {isa = PBXBuildFile; fileRef = E0BF0E9C1596D01F002F9FB9 /* Foundation.framework */; };
		E0BF0EA01596D01F002F9FB9 /* main.m in Sources */ = {isa = PBXBuildFile; fileRef = E0BF0E9F1596D01F002F9FB9 /* main.m */; };
		E0BF0EA41596D01F002F9FB9 /* TestBed.1 in CopyFiles */ = {isa = PBXBuildFile; fileRef = E0BF0EA31596D01F002F9FB9 /* TestBed.1 */; };
		E0BF0EB415980A72002F9FB9 /* YoucryptDirectory.m in Sources */ = {isa = PBXBuildFile; fileRef = E0BF0E941596B9C8002F9FB9 /* YoucryptDirectory.m */; };
		E0BF0EBD159838DD002F9FB9 /* ListDirectoriesWindow.m in Sources */ = {isa = PBXBuildFile; fileRef = E0BF0EBB159838DD002F9FB9 /* ListDirectoriesWindow.m */; };
		E0BF0EBE159838DD002F9FB9 /* ListDirectoriesWindow.xib in Resources */ = {isa = PBXBuildFile; fileRef = E0BF0EBC159838DD002F9FB9 /* ListDirectoriesWindow.xib */; };
		E0C5ACA315A50BC1000FC253 /* ConfigDirectory.m in Sources */ = {isa = PBXBuildFile; fileRef = E0C5ACA215A50BC1000FC253 /* ConfigDirectory.m */; };
		E0C5ACAF15A5670A000FC253 /* lockedfolder2.icns in Resources */ = {isa = PBXBuildFile; fileRef = E0C5ACAE15A56709000FC253 /* lockedfolder2.icns */; };
		E0C5ACB115A56D0D000FC253 /* logo-512x512-alpha.png in Resources */ = {isa = PBXBuildFile; fileRef = E0C5ACB015A56D0C000FC253 /* logo-512x512-alpha.png */; };
		E0F9DCE9159BE99C00DBDD02 /* pipetest.c in Sources */ = {isa = PBXBuildFile; fileRef = 25B1E508158FF5D400CDBC46 /* pipetest.c */; };
		E6649C7A15A53CD80096886F /* Encrypt.m in Sources */ = {isa = PBXBuildFile; fileRef = E6649C7915A53CD80096886F /* Encrypt.m */; };
		E6649C8815A642DA0096886F /* logo-513x560-alpha.icns in Resources */ = {isa = PBXBuildFile; fileRef = E6649C8715A642DA0096886F /* logo-513x560-alpha.icns */; };
		E6649C8E15A706D40096886F /* locked-24x24.png in Resources */ = {isa = PBXBuildFile; fileRef = E6649C8D15A706D40096886F /* locked-24x24.png */; };
		E6649C9115A707270096886F /* error-22x22.png in Resources */ = {isa = PBXBuildFile; fileRef = E6649C8F15A707270096886F /* error-22x22.png */; };
		E6649C9215A707270096886F /* unlocked-24x24.png in Resources */ = {isa = PBXBuildFile; fileRef = E6649C9015A707270096886F /* unlocked-24x24.png */; };
		E6649C9615A70FB00096886F /* VolumePropertiesSheetController.m in Sources */ = {isa = PBXBuildFile; fileRef = E6649C9415A70FB00096886F /* VolumePropertiesSheetController.m */; };
		E6649C9715A70FB00096886F /* VolumePropertiesSheetController.xib in Resources */ = {isa = PBXBuildFile; fileRef = E6649C9515A70FB00096886F /* VolumePropertiesSheetController.xib */; };
		E66988CE159D4099002323AD /* StartOnLogin.framework in Frameworks */ = {isa = PBXBuildFile; fileRef = E66988CB159D403B002323AD /* StartOnLogin.framework */; };
		E66988CF159D40A1002323AD /* StartOnLogin.framework in CopyFiles */ = {isa = PBXBuildFile; fileRef = E66988CB159D403B002323AD /* StartOnLogin.framework */; };
		E66988D5159E62D8002323AD /* ChangePassphrase.xib in Resources */ = {isa = PBXBuildFile; fileRef = E66988D4159E62D8002323AD /* ChangePassphrase.xib */; };
		E66988D9159E63BE002323AD /* JCSSheetController.m in Sources */ = {isa = PBXBuildFile; fileRef = E66988D8159E63BE002323AD /* JCSSheetController.m */; };
		E66988DC159E63CF002323AD /* PassphraseSheetController.m in Sources */ = {isa = PBXBuildFile; fileRef = E66988DB159E63CF002323AD /* PassphraseSheetController.m */; };
		E67FF2F215A8D5190033A63A /* PeriodicActionTimer.m in Sources */ = {isa = PBXBuildFile; fileRef = E67FF2F115A8D5190033A63A /* PeriodicActionTimer.m */; };
		E6BEB6F015A4BB4F00878D4B /* Exit.png in Resources */ = {isa = PBXBuildFile; fileRef = E6BEB6EC15A4BB4F00878D4B /* Exit.png */; };
		E6BEB6F115A4BB4F00878D4B /* Help.png in Resources */ = {isa = PBXBuildFile; fileRef = E6BEB6ED15A4BB4F00878D4B /* Help.png */; };
		E6BEB6F215A4BB4F00878D4B /* Preferences.png in Resources */ = {isa = PBXBuildFile; fileRef = E6BEB6EE15A4BB4F00878D4B /* Preferences.png */; };
		E6BEB6F315A4BB4F00878D4B /* Remove.png in Resources */ = {isa = PBXBuildFile; fileRef = E6BEB6EF15A4BB4F00878D4B /* Remove.png */; };
		E6BEB6F515A4BB5F00878D4B /* Add.png in Resources */ = {isa = PBXBuildFile; fileRef = E6BEB6F415A4BB5F00878D4B /* Add.png */; };
		E6BEB71815A520FA00878D4B /* logo-16x16.tiff in Resources */ = {isa = PBXBuildFile; fileRef = E6BEB71715A520FA00878D4B /* logo-16x16.tiff */; };
		E6BEB71A15A522A000878D4B /* logo-grayscale-alpha.png in Resources */ = {isa = PBXBuildFile; fileRef = E6BEB71915A522A000878D4B /* logo-grayscale-alpha.png */; };
		E6BEB71C15A5290300878D4B /* logo-color-alpha.png in Resources */ = {isa = PBXBuildFile; fileRef = E6BEB71B15A5290300878D4B /* logo-color-alpha.png */; };
		E6CEDF81159B7B46007FB3B1 /* get_dropbox_folder.sh in Resources */ = {isa = PBXBuildFile; fileRef = E6CEDF80159B7B46007FB3B1 /* get_dropbox_folder.sh */; };
		E6E2A0BA15926C8C003E3F6C /* YoucryptService.m in Sources */ = {isa = PBXBuildFile; fileRef = E6E2A0B6159266F6003E3F6C /* YoucryptService.m */; };
/* End PBXBuildFile section */

/* Begin PBXContainerItemProxy section */
		256C3580158EA75F00E2BEC4 /* PBXContainerItemProxy */ = {
			isa = PBXContainerItemProxy;
			containerPortal = 256C3552158EA75F00E2BEC4 /* Project object */;
			proxyType = 1;
			remoteGlobalIDString = 256C355A158EA75F00E2BEC4;
			remoteInfo = "Youcrypt Mac alpha";
		};
		E66988CA159D403B002323AD /* PBXContainerItemProxy */ = {
			isa = PBXContainerItemProxy;
			containerPortal = E66988C3159D403B002323AD /* StartOnLogin.xcodeproj */;
			proxyType = 2;
			remoteGlobalIDString = E6695611159D1B7B002323AD;
			remoteInfo = StartOnLogin;
		};
		E66988CC159D4090002323AD /* PBXContainerItemProxy */ = {
			isa = PBXContainerItemProxy;
			containerPortal = E66988C3159D403B002323AD /* StartOnLogin.xcodeproj */;
			proxyType = 1;
			remoteGlobalIDString = E6695610159D1B7B002323AD;
			remoteInfo = StartOnLogin;
		};
/* End PBXContainerItemProxy section */

/* Begin PBXCopyFilesBuildPhase section */
		252C3A461593A34A0044EB3C /* CopyFiles */ = {
			isa = PBXCopyFilesBuildPhase;
			buildActionMask = 2147483647;
			dstPath = "";
			dstSubfolderSpec = 10;
			files = (
				E66988CF159D40A1002323AD /* StartOnLogin.framework in CopyFiles */,
				252C3A471593A35D0044EB3C /* Sparkle.framework in CopyFiles */,
			);
			runOnlyForDeploymentPostprocessing = 0;
		};
		E0BF0E981596D01F002F9FB9 /* CopyFiles */ = {
			isa = PBXCopyFilesBuildPhase;
			buildActionMask = 2147483647;
			dstPath = /usr/share/man/man1/;
			dstSubfolderSpec = 0;
			files = (
				E0BF0EA41596D01F002F9FB9 /* TestBed.1 in CopyFiles */,
			);
			runOnlyForDeploymentPostprocessing = 1;
		};
/* End PBXCopyFilesBuildPhase section */

/* Begin PBXFileReference section */
		252C3A441593A2E30044EB3C /* Sparkle.framework */ = {isa = PBXFileReference; lastKnownFileType = wrapper.framework; path = Sparkle.framework; sourceTree = "<group>"; };
		252C3A481593A5150044EB3C /* dsa_pub.pem */ = {isa = PBXFileReference; fileEncoding = 4; lastKnownFileType = text; path = dsa_pub.pem; sourceTree = "<group>"; };
		252C3A561593C6A70044EB3C /* DDASLLogger.h */ = {isa = PBXFileReference; fileEncoding = 4; lastKnownFileType = sourcecode.c.h; path = DDASLLogger.h; sourceTree = "<group>"; };
		252C3A571593C6A70044EB3C /* DDASLLogger.m */ = {isa = PBXFileReference; fileEncoding = 4; lastKnownFileType = sourcecode.c.objc; path = DDASLLogger.m; sourceTree = "<group>"; };
		252C3A581593C6A70044EB3C /* DDFileLogger.h */ = {isa = PBXFileReference; fileEncoding = 4; lastKnownFileType = sourcecode.c.h; path = DDFileLogger.h; sourceTree = "<group>"; };
		252C3A591593C6A70044EB3C /* DDFileLogger.m */ = {isa = PBXFileReference; fileEncoding = 4; lastKnownFileType = sourcecode.c.objc; path = DDFileLogger.m; sourceTree = "<group>"; };
		252C3A5A1593C6A70044EB3C /* DDLog.h */ = {isa = PBXFileReference; fileEncoding = 4; lastKnownFileType = sourcecode.c.h; path = DDLog.h; sourceTree = "<group>"; };
		252C3A5B1593C6A70044EB3C /* DDLog.m */ = {isa = PBXFileReference; fileEncoding = 4; lastKnownFileType = sourcecode.c.objc; path = DDLog.m; sourceTree = "<group>"; };
		252C3A5C1593C6A70044EB3C /* DDTTYLogger.h */ = {isa = PBXFileReference; fileEncoding = 4; lastKnownFileType = sourcecode.c.h; path = DDTTYLogger.h; sourceTree = "<group>"; };
		252C3A5D1593C6A80044EB3C /* DDTTYLogger.m */ = {isa = PBXFileReference; fileEncoding = 4; lastKnownFileType = sourcecode.c.objc; path = DDTTYLogger.m; sourceTree = "<group>"; };
		252C3A671593CAA10044EB3C /* Lumberjack.framework */ = {isa = PBXFileReference; lastKnownFileType = wrapper.framework; path = Lumberjack.framework; sourceTree = "<group>"; };
		252C3A961593E84F0044EB3C /* CompressingLogFileManager.h */ = {isa = PBXFileReference; fileEncoding = 4; lastKnownFileType = sourcecode.c.h; path = CompressingLogFileManager.h; sourceTree = "<group>"; };
		252C3A971593E84F0044EB3C /* CompressingLogFileManager.m */ = {isa = PBXFileReference; fileEncoding = 4; lastKnownFileType = sourcecode.c.objc; path = CompressingLogFileManager.m; sourceTree = "<group>"; };
		252C3A9E1593EF570044EB3C /* logging.h */ = {isa = PBXFileReference; lastKnownFileType = sourcecode.c.h; path = logging.h; sourceTree = "<group>"; };
		25300E8815A385BD009CDA08 /* GmailSheetController.h */ = {isa = PBXFileReference; fileEncoding = 4; lastKnownFileType = sourcecode.c.h; path = GmailSheetController.h; sourceTree = "<group>"; };
		25300E8915A385BE009CDA08 /* GmailSheetController.m */ = {isa = PBXFileReference; fileEncoding = 4; lastKnownFileType = sourcecode.c.objc; path = GmailSheetController.m; sourceTree = "<group>"; };
		25300E8A15A385BE009CDA08 /* Gmail.xib */ = {isa = PBXFileReference; fileEncoding = 4; lastKnownFileType = file.xib; path = Gmail.xib; sourceTree = "<group>"; };
		25300E8D15A3BE73009CDA08 /* FirstRunSheetController.h */ = {isa = PBXFileReference; fileEncoding = 4; lastKnownFileType = sourcecode.c.h; path = FirstRunSheetController.h; sourceTree = "<group>"; };
		25300E8E15A3BE73009CDA08 /* FirstRunSheetController.m */ = {isa = PBXFileReference; fileEncoding = 4; lastKnownFileType = sourcecode.c.objc; path = FirstRunSheetController.m; sourceTree = "<group>"; };
		25300E8F15A3BE73009CDA08 /* FirstRun.xib */ = {isa = PBXFileReference; fileEncoding = 4; lastKnownFileType = file.xib; path = FirstRun.xib; sourceTree = "<group>"; };
		253C3D75159BBF2E00120B8D /* CoreServices.framework */ = {isa = PBXFileReference; lastKnownFileType = wrapper.framework; name = CoreServices.framework; path = System/Library/Frameworks/CoreServices.framework; sourceTree = SDKROOT; };
		253C3D77159BBF3900120B8D /* SystemConfiguration.framework */ = {isa = PBXFileReference; lastKnownFileType = wrapper.framework; name = SystemConfiguration.framework; path = System/Library/Frameworks/SystemConfiguration.framework; sourceTree = SDKROOT; };
		253C3D79159BBF4000120B8D /* QuartzCore.framework */ = {isa = PBXFileReference; lastKnownFileType = wrapper.framework; name = QuartzCore.framework; path = System/Library/Frameworks/QuartzCore.framework; sourceTree = SDKROOT; };
		253C3D7B159BBF4A00120B8D /* libxml2.dylib */ = {isa = PBXFileReference; lastKnownFileType = "compiled.mach-o.dylib"; name = libxml2.dylib; path = usr/lib/libxml2.dylib; sourceTree = SDKROOT; };
		253C3D7D159BBF9400120B8D /* BoxFSA.h */ = {isa = PBXFileReference; fileEncoding = 4; lastKnownFileType = sourcecode.c.h; path = BoxFSA.h; sourceTree = "<group>"; };
		253C3D7E159BBF9400120B8D /* BoxFSA.m */ = {isa = PBXFileReference; fileEncoding = 4; lastKnownFileType = sourcecode.c.objc; path = BoxFSA.m; sourceTree = "<group>"; };
		256C355B158EA75F00E2BEC4 /* Youcrypt Mac alpha.app */ = {isa = PBXFileReference; explicitFileType = wrapper.application; includeInIndex = 0; path = "Youcrypt Mac alpha.app"; sourceTree = BUILT_PRODUCTS_DIR; };
		256C355F158EA75F00E2BEC4 /* Cocoa.framework */ = {isa = PBXFileReference; lastKnownFileType = wrapper.framework; name = Cocoa.framework; path = System/Library/Frameworks/Cocoa.framework; sourceTree = SDKROOT; };
		256C3562158EA75F00E2BEC4 /* AppKit.framework */ = {isa = PBXFileReference; lastKnownFileType = wrapper.framework; name = AppKit.framework; path = System/Library/Frameworks/AppKit.framework; sourceTree = SDKROOT; };
		256C3563158EA75F00E2BEC4 /* CoreData.framework */ = {isa = PBXFileReference; lastKnownFileType = wrapper.framework; name = CoreData.framework; path = System/Library/Frameworks/CoreData.framework; sourceTree = SDKROOT; };
		256C3564158EA75F00E2BEC4 /* Foundation.framework */ = {isa = PBXFileReference; lastKnownFileType = wrapper.framework; name = Foundation.framework; path = System/Library/Frameworks/Foundation.framework; sourceTree = SDKROOT; };
		256C3567158EA75F00E2BEC4 /* Youcrypt Mac alpha-Info.plist */ = {isa = PBXFileReference; lastKnownFileType = text.plist.xml; name = "Youcrypt Mac alpha-Info.plist"; path = "Youcrypt Mac alpha/Youcrypt Mac alpha-Info.plist"; sourceTree = "<group>"; };
		256C3569158EA75F00E2BEC4 /* en */ = {isa = PBXFileReference; lastKnownFileType = text.plist.strings; name = en; path = en.lproj/InfoPlist.strings; sourceTree = "<group>"; };
		256C356B158EA75F00E2BEC4 /* main.m */ = {isa = PBXFileReference; lastKnownFileType = sourcecode.c.objc; path = main.m; sourceTree = "<group>"; };
		256C356D158EA75F00E2BEC4 /* Youcrypt Mac alpha-Prefix.pch */ = {isa = PBXFileReference; lastKnownFileType = sourcecode.c.h; path = "Youcrypt Mac alpha-Prefix.pch"; sourceTree = "<group>"; };
		256C356F158EA75F00E2BEC4 /* en */ = {isa = PBXFileReference; lastKnownFileType = text.rtf; name = en; path = en.lproj/Credits.rtf; sourceTree = "<group>"; };
		256C3571158EA75F00E2BEC4 /* AppDelegate.h */ = {isa = PBXFileReference; lastKnownFileType = sourcecode.c.h; name = AppDelegate.h; path = "Youcrypt Mac alpha/AppDelegate.h"; sourceTree = "<group>"; };
		256C3572158EA75F00E2BEC4 /* AppDelegate.m */ = {isa = PBXFileReference; lastKnownFileType = sourcecode.c.objc; name = AppDelegate.m; path = "Youcrypt Mac alpha/AppDelegate.m"; sourceTree = "<group>"; };
		256C3575158EA75F00E2BEC4 /* en */ = {isa = PBXFileReference; lastKnownFileType = file.xib; name = en; path = en.lproj/MainMenu.xib; sourceTree = "<group>"; };
		256C357C158EA75F00E2BEC4 /* Youcrypt Mac alphaTests.octest */ = {isa = PBXFileReference; explicitFileType = wrapper.cfbundle; includeInIndex = 0; path = "Youcrypt Mac alphaTests.octest"; sourceTree = BUILT_PRODUCTS_DIR; };
		256C357D158EA75F00E2BEC4 /* SenTestingKit.framework */ = {isa = PBXFileReference; lastKnownFileType = wrapper.framework; name = SenTestingKit.framework; path = Library/Frameworks/SenTestingKit.framework; sourceTree = DEVELOPER_DIR; };
		256C3584158EA75F00E2BEC4 /* Youcrypt Mac alphaTests-Info.plist */ = {isa = PBXFileReference; lastKnownFileType = text.plist.xml; path = "Youcrypt Mac alphaTests-Info.plist"; sourceTree = "<group>"; };
		256C3586158EA75F00E2BEC4 /* en */ = {isa = PBXFileReference; lastKnownFileType = text.plist.strings; name = en; path = en.lproj/InfoPlist.strings; sourceTree = "<group>"; };
		256C3588158EA75F00E2BEC4 /* Youcrypt_Mac_alphaTests.h */ = {isa = PBXFileReference; lastKnownFileType = sourcecode.c.h; path = Youcrypt_Mac_alphaTests.h; sourceTree = "<group>"; };
		256C3589158EA75F00E2BEC4 /* Youcrypt_Mac_alphaTests.m */ = {isa = PBXFileReference; lastKnownFileType = sourcecode.c.objc; path = Youcrypt_Mac_alphaTests.m; sourceTree = "<group>"; };
		256C359B158EA88700E2BEC4 /* PreferenceController.h */ = {isa = PBXFileReference; fileEncoding = 4; lastKnownFileType = sourcecode.c.h; name = PreferenceController.h; path = "Youcrypt Mac alpha/PreferenceController.h"; sourceTree = "<group>"; };
		256C359C158EA88700E2BEC4 /* PreferenceController.m */ = {isa = PBXFileReference; fileEncoding = 4; lastKnownFileType = sourcecode.c.objc; name = PreferenceController.m; path = "Youcrypt Mac alpha/PreferenceController.m"; sourceTree = "<group>"; };
		256C35A8158EAF8700E2BEC4 /* Preferences.xib */ = {isa = PBXFileReference; fileEncoding = 4; lastKnownFileType = file.xib; name = Preferences.xib; path = "Youcrypt Mac alpha/Preferences.xib"; sourceTree = "<group>"; };
		25B1E505158FF48B00CDBC46 /* pipetest.h */ = {isa = PBXFileReference; lastKnownFileType = sourcecode.c.h; name = pipetest.h; path = "Youcrypt Mac alpha/pipetest.h"; sourceTree = "<group>"; };
		25B1E508158FF5D400CDBC46 /* pipetest.c */ = {isa = PBXFileReference; fileEncoding = 4; lastKnownFileType = sourcecode.c.c; name = pipetest.c; path = "Youcrypt Mac alpha/pipetest.c"; sourceTree = "<group>"; };
		25EE6A5815928D2C008A0DC8 /* Security.framework */ = {isa = PBXFileReference; lastKnownFileType = wrapper.framework; name = Security.framework; path = System/Library/Frameworks/Security.framework; sourceTree = SDKROOT; };
		25EE6A5B15928D5C008A0DC8 /* SSKeychain.h */ = {isa = PBXFileReference; fileEncoding = 4; lastKnownFileType = sourcecode.c.h; path = SSKeychain.h; sourceTree = "<group>"; };
		25EE6A5C15928D5C008A0DC8 /* SSKeychain.m */ = {isa = PBXFileReference; fileEncoding = 4; lastKnownFileType = sourcecode.c.objc; path = SSKeychain.m; sourceTree = "<group>"; };
		25F3D14915923FE800E3383C /* Decrypt.h */ = {isa = PBXFileReference; fileEncoding = 4; lastKnownFileType = sourcecode.c.h; name = Decrypt.h; path = "Youcrypt Mac alpha/Decrypt.h"; sourceTree = "<group>"; };
		25F3D14A15923FE800E3383C /* Decrypt.m */ = {isa = PBXFileReference; fileEncoding = 4; lastKnownFileType = sourcecode.c.objc; name = Decrypt.m; path = "Youcrypt Mac alpha/Decrypt.m"; sourceTree = "<group>"; };
		25F3D14B15923FE800E3383C /* Decrypt.xib */ = {isa = PBXFileReference; fileEncoding = 4; lastKnownFileType = file.xib; name = Decrypt.xib; path = "Youcrypt Mac alpha/Decrypt.xib"; sourceTree = "<group>"; };
		25F3D1501592435600E3383C /* libFunctions.m */ = {isa = PBXFileReference; fileEncoding = 4; lastKnownFileType = sourcecode.c.objc; name = libFunctions.m; path = "Youcrypt Mac alpha/libFunctions.m"; sourceTree = "<group>"; };
		25F3D159159244E800E3383C /* Encrypt.xib */ = {isa = PBXFileReference; fileEncoding = 4; lastKnownFileType = file.xib; name = Encrypt.xib; path = "Youcrypt Mac alpha/Encrypt.xib"; sourceTree = "<group>"; };
		25F6997115A4C2FD00A67879 /* gmail-logo.jpeg */ = {isa = PBXFileReference; lastKnownFileType = image.jpeg; name = "gmail-logo.jpeg"; path = "../gmail-logo.jpeg"; sourceTree = "<group>"; };
		25F6997315A4C67100A67879 /* box-logo.png */ = {isa = PBXFileReference; lastKnownFileType = image.png; name = "box-logo.png"; path = "../box-logo.png"; sourceTree = "<group>"; };
		25F6997515A4D00A00A67879 /* gmail-logo2.jpeg */ = {isa = PBXFileReference; lastKnownFileType = image.jpeg; name = "gmail-logo2.jpeg"; path = "../gmail-logo2.jpeg"; sourceTree = "<group>"; };
		25F6997715A4D26000A67879 /* gmaillogo.png */ = {isa = PBXFileReference; lastKnownFileType = image.png; name = gmaillogo.png; path = ../gmaillogo.png; sourceTree = "<group>"; };
		25F6997915A4DA2B00A67879 /* DropBox.png */ = {isa = PBXFileReference; lastKnownFileType = image.png; path = DropBox.png; sourceTree = "<group>"; };
		25FDA05315A2229B004F2914 /* simple-mailer.py */ = {isa = PBXFileReference; fileEncoding = 4; lastKnownFileType = text.script.python; name = "simple-mailer.py"; path = "../simple-mailer.py"; sourceTree = "<group>"; };
		25FDA06315A232DC004F2914 /* XMLReader.h */ = {isa = PBXFileReference; fileEncoding = 4; lastKnownFileType = sourcecode.c.h; name = XMLReader.h; path = ../XMLReader.h; sourceTree = "<group>"; };
		25FDA06415A232DC004F2914 /* XMLReader.m */ = {isa = PBXFileReference; fileEncoding = 4; lastKnownFileType = sourcecode.c.objc; name = XMLReader.m; path = ../XMLReader.m; sourceTree = "<group>"; };
		25FDA07015A269B1004F2914 /* Automator.framework */ = {isa = PBXFileReference; lastKnownFileType = wrapper.framework; name = Automator.framework; path = System/Library/Frameworks/Automator.framework; sourceTree = SDKROOT; };
		25FDA07515A284CD004F2914 /* XMLDictionary.h */ = {isa = PBXFileReference; fileEncoding = 4; lastKnownFileType = sourcecode.c.h; name = XMLDictionary.h; path = ../XMLDictionary.h; sourceTree = "<group>"; };
		25FDA07615A284CD004F2914 /* XMLDictionary.m */ = {isa = PBXFileReference; fileEncoding = 4; lastKnownFileType = sourcecode.c.objc; name = XMLDictionary.m; path = ../XMLDictionary.m; sourceTree = "<group>"; };
		E054042015AB1CE10011E5CC /* RestoreController.h */ = {isa = PBXFileReference; fileEncoding = 4; lastKnownFileType = sourcecode.c.h; path = RestoreController.h; sourceTree = "<group>"; };
		E054042115AB1CE10011E5CC /* RestoreController.m */ = {isa = PBXFileReference; fileEncoding = 4; lastKnownFileType = sourcecode.c.objc; path = RestoreController.m; sourceTree = "<group>"; };
		E054042215AB1CE10011E5CC /* Restore.xib */ = {isa = PBXFileReference; fileEncoding = 4; lastKnownFileType = file.xib; path = Restore.xib; sourceTree = "<group>"; };
		E06E2B3F15A7671B00E52B2D /* errors.h */ = {isa = PBXFileReference; fileEncoding = 4; lastKnownFileType = sourcecode.c.h; path = errors.h; sourceTree = "<group>"; };
		E06E2B4015A76ABE00E52B2D /* ListRightClick.xib */ = {isa = PBXFileReference; fileEncoding = 4; lastKnownFileType = file.xib; path = ListRightClick.xib; sourceTree = "<group>"; };
		E0A2849715A61A26008A949A /* logo-512x512-alpha.icns */ = {isa = PBXFileReference; lastKnownFileType = image.icns; path = "logo-512x512-alpha.icns"; sourceTree = "<group>"; };
		E0BF0E931596B9C8002F9FB9 /* YoucryptDirectory.h */ = {isa = PBXFileReference; fileEncoding = 4; lastKnownFileType = sourcecode.c.h; path = YoucryptDirectory.h; sourceTree = "<group>"; };
		E0BF0E941596B9C8002F9FB9 /* YoucryptDirectory.m */ = {isa = PBXFileReference; fileEncoding = 4; lastKnownFileType = sourcecode.c.objc; path = YoucryptDirectory.m; sourceTree = "<group>"; };
		E0BF0E9A1596D01F002F9FB9 /* TestBed */ = {isa = PBXFileReference; explicitFileType = "compiled.mach-o.executable"; includeInIndex = 0; path = TestBed; sourceTree = BUILT_PRODUCTS_DIR; };
		E0BF0E9C1596D01F002F9FB9 /* Foundation.framework */ = {isa = PBXFileReference; lastKnownFileType = wrapper.framework; name = Foundation.framework; path = System/Library/Frameworks/Foundation.framework; sourceTree = SDKROOT; };
		E0BF0E9F1596D01F002F9FB9 /* main.m */ = {isa = PBXFileReference; lastKnownFileType = sourcecode.c.objc; path = main.m; sourceTree = "<group>"; };
		E0BF0EA21596D01F002F9FB9 /* TestBed-Prefix.pch */ = {isa = PBXFileReference; lastKnownFileType = sourcecode.c.h; path = "TestBed-Prefix.pch"; sourceTree = "<group>"; };
		E0BF0EA31596D01F002F9FB9 /* TestBed.1 */ = {isa = PBXFileReference; lastKnownFileType = text.man; path = TestBed.1; sourceTree = "<group>"; };
		E0BF0EBA159838DD002F9FB9 /* ListDirectoriesWindow.h */ = {isa = PBXFileReference; fileEncoding = 4; lastKnownFileType = sourcecode.c.h; path = ListDirectoriesWindow.h; sourceTree = "<group>"; };
		E0BF0EBB159838DD002F9FB9 /* ListDirectoriesWindow.m */ = {isa = PBXFileReference; fileEncoding = 4; lastKnownFileType = sourcecode.c.objc; path = ListDirectoriesWindow.m; sourceTree = "<group>"; };
		E0BF0EBC159838DD002F9FB9 /* ListDirectoriesWindow.xib */ = {isa = PBXFileReference; fileEncoding = 4; lastKnownFileType = file.xib; path = ListDirectoriesWindow.xib; sourceTree = "<group>"; };
		E0C5AC9F15A50B5B000FC253 /* ConfigDirectory.h */ = {isa = PBXFileReference; fileEncoding = 4; lastKnownFileType = sourcecode.c.h; name = ConfigDirectory.h; path = "Youcrypt Mac alpha/ConfigDirectory.h"; sourceTree = "<group>"; };
		E0C5ACA215A50BC1000FC253 /* ConfigDirectory.m */ = {isa = PBXFileReference; fileEncoding = 4; lastKnownFileType = sourcecode.c.objc; name = ConfigDirectory.m; path = "Youcrypt Mac alpha/ConfigDirectory.m"; sourceTree = "<group>"; };
		E0C5ACAE15A56709000FC253 /* lockedfolder2.icns */ = {isa = PBXFileReference; lastKnownFileType = image.icns; name = lockedfolder2.icns; path = images/lockedfolder2.icns; sourceTree = "<group>"; };
		E0C5ACB015A56D0C000FC253 /* logo-512x512-alpha.png */ = {isa = PBXFileReference; lastKnownFileType = image.png; path = "logo-512x512-alpha.png"; sourceTree = "<group>"; };
		E6649C7915A53CD80096886F /* Encrypt.m */ = {isa = PBXFileReference; fileEncoding = 4; lastKnownFileType = sourcecode.c.objc; name = Encrypt.m; path = "Youcrypt Mac alpha/Encrypt.m"; sourceTree = "<group>"; };
		E6649C7B15A53CE40096886F /* Encrypt.h */ = {isa = PBXFileReference; fileEncoding = 4; lastKnownFileType = sourcecode.c.h; name = Encrypt.h; path = "Youcrypt Mac alpha/Encrypt.h"; sourceTree = "<group>"; };
		E6649C7C15A53CFC0096886F /* libFunctions.h */ = {isa = PBXFileReference; fileEncoding = 4; lastKnownFileType = sourcecode.c.h; name = libFunctions.h; path = "Youcrypt Mac alpha/libFunctions.h"; sourceTree = "<group>"; };
		E6649C8715A642DA0096886F /* logo-513x560-alpha.icns */ = {isa = PBXFileReference; lastKnownFileType = image.icns; path = "logo-513x560-alpha.icns"; sourceTree = "<group>"; };
		E6649C8D15A706D40096886F /* locked-24x24.png */ = {isa = PBXFileReference; lastKnownFileType = image.png; name = "locked-24x24.png"; path = "images/locked-24x24.png"; sourceTree = "<group>"; };
		E6649C8F15A707270096886F /* error-22x22.png */ = {isa = PBXFileReference; lastKnownFileType = image.png; name = "error-22x22.png"; path = "images/error-22x22.png"; sourceTree = "<group>"; };
		E6649C9015A707270096886F /* unlocked-24x24.png */ = {isa = PBXFileReference; lastKnownFileType = image.png; name = "unlocked-24x24.png"; path = "images/unlocked-24x24.png"; sourceTree = "<group>"; };
		E6649C9315A70FB00096886F /* VolumePropertiesSheetController.h */ = {isa = PBXFileReference; fileEncoding = 4; lastKnownFileType = sourcecode.c.h; path = VolumePropertiesSheetController.h; sourceTree = "<group>"; };
		E6649C9415A70FB00096886F /* VolumePropertiesSheetController.m */ = {isa = PBXFileReference; fileEncoding = 4; lastKnownFileType = sourcecode.c.objc; path = VolumePropertiesSheetController.m; sourceTree = "<group>"; };
		E6649C9515A70FB00096886F /* VolumePropertiesSheetController.xib */ = {isa = PBXFileReference; fileEncoding = 4; lastKnownFileType = file.xib; path = VolumePropertiesSheetController.xib; sourceTree = "<group>"; };
		E6649CAC15A78E0E0096886F /* loading-24x24.gif */ = {isa = PBXFileReference; lastKnownFileType = image.gif; name = "loading-24x24.gif"; path = "images/loading-24x24.gif"; sourceTree = "<group>"; };
		E66988C3159D403B002323AD /* StartOnLogin.xcodeproj */ = {isa = PBXFileReference; lastKnownFileType = "wrapper.pb-project"; name = StartOnLogin.xcodeproj; path = StartOnLogin/StartOnLogin.xcodeproj; sourceTree = "<group>"; };
		E66988D4159E62D8002323AD /* ChangePassphrase.xib */ = {isa = PBXFileReference; fileEncoding = 4; lastKnownFileType = file.xib; path = ChangePassphrase.xib; sourceTree = "<group>"; };
		E66988D7159E63BE002323AD /* JCSSheetController.h */ = {isa = PBXFileReference; fileEncoding = 4; lastKnownFileType = sourcecode.c.h; path = JCSSheetController.h; sourceTree = "<group>"; };
		E66988D8159E63BE002323AD /* JCSSheetController.m */ = {isa = PBXFileReference; fileEncoding = 4; lastKnownFileType = sourcecode.c.objc; path = JCSSheetController.m; sourceTree = "<group>"; };
		E66988DA159E63CF002323AD /* PassphraseSheetController.h */ = {isa = PBXFileReference; fileEncoding = 4; lastKnownFileType = sourcecode.c.h; path = PassphraseSheetController.h; sourceTree = "<group>"; };
		E66988DB159E63CF002323AD /* PassphraseSheetController.m */ = {isa = PBXFileReference; fileEncoding = 4; lastKnownFileType = sourcecode.c.objc; path = PassphraseSheetController.m; sourceTree = "<group>"; };
		E67FF2F015A8D5180033A63A /* PeriodicActionTimer.h */ = {isa = PBXFileReference; fileEncoding = 4; lastKnownFileType = sourcecode.c.h; path = PeriodicActionTimer.h; sourceTree = "<group>"; };
		E67FF2F115A8D5190033A63A /* PeriodicActionTimer.m */ = {isa = PBXFileReference; fileEncoding = 4; lastKnownFileType = sourcecode.c.objc; path = PeriodicActionTimer.m; sourceTree = "<group>"; };
		E6BEB6EC15A4BB4F00878D4B /* Exit.png */ = {isa = PBXFileReference; lastKnownFileType = image.png; path = Exit.png; sourceTree = "<group>"; };
		E6BEB6ED15A4BB4F00878D4B /* Help.png */ = {isa = PBXFileReference; lastKnownFileType = image.png; path = Help.png; sourceTree = "<group>"; };
		E6BEB6EE15A4BB4F00878D4B /* Preferences.png */ = {isa = PBXFileReference; lastKnownFileType = image.png; path = Preferences.png; sourceTree = "<group>"; };
		E6BEB6EF15A4BB4F00878D4B /* Remove.png */ = {isa = PBXFileReference; lastKnownFileType = image.png; path = Remove.png; sourceTree = "<group>"; };
		E6BEB6F415A4BB5F00878D4B /* Add.png */ = {isa = PBXFileReference; lastKnownFileType = image.png; path = Add.png; sourceTree = "<group>"; };
		E6BEB71715A520FA00878D4B /* logo-16x16.tiff */ = {isa = PBXFileReference; lastKnownFileType = image.tiff; path = "logo-16x16.tiff"; sourceTree = "<group>"; };
		E6BEB71915A522A000878D4B /* logo-grayscale-alpha.png */ = {isa = PBXFileReference; lastKnownFileType = image.png; path = "logo-grayscale-alpha.png"; sourceTree = "<group>"; };
		E6BEB71B15A5290300878D4B /* logo-color-alpha.png */ = {isa = PBXFileReference; lastKnownFileType = image.png; path = "logo-color-alpha.png"; sourceTree = "<group>"; };
		E6CEDF80159B7B46007FB3B1 /* get_dropbox_folder.sh */ = {isa = PBXFileReference; fileEncoding = 4; lastKnownFileType = text.script.sh; path = get_dropbox_folder.sh; sourceTree = "<group>"; };
		E6E2A0B6159266F6003E3F6C /* YoucryptService.m */ = {isa = PBXFileReference; fileEncoding = 4; lastKnownFileType = sourcecode.c.objc; name = YoucryptService.m; path = "Youcrypt Mac alpha/YoucryptService.m"; sourceTree = "<group>"; };
		E6E2A0B7159266F6003E3F6C /* YoucryptService.h */ = {isa = PBXFileReference; fileEncoding = 4; lastKnownFileType = sourcecode.c.h; name = YoucryptService.h; path = "Youcrypt Mac alpha/YoucryptService.h"; sourceTree = "<group>"; };
/* End PBXFileReference section */

/* Begin PBXFrameworksBuildPhase section */
		256C3558158EA75F00E2BEC4 /* Frameworks */ = {
			isa = PBXFrameworksBuildPhase;
			buildActionMask = 2147483647;
			files = (
				E66988CE159D4099002323AD /* StartOnLogin.framework in Frameworks */,
				25EE6A5915928D2C008A0DC8 /* Security.framework in Frameworks */,
				256C3560158EA75F00E2BEC4 /* Cocoa.framework in Frameworks */,
				252C3A451593A2E30044EB3C /* Sparkle.framework in Frameworks */,
			);
			runOnlyForDeploymentPostprocessing = 0;
		};
		256C3578158EA75F00E2BEC4 /* Frameworks */ = {
			isa = PBXFrameworksBuildPhase;
			buildActionMask = 2147483647;
			files = (
				256C357E158EA75F00E2BEC4 /* SenTestingKit.framework in Frameworks */,
				256C357F158EA75F00E2BEC4 /* Cocoa.framework in Frameworks */,
				252C3A681593CAA10044EB3C /* Lumberjack.framework in Frameworks */,
			);
			runOnlyForDeploymentPostprocessing = 0;
		};
		E0BF0E971596D01F002F9FB9 /* Frameworks */ = {
			isa = PBXFrameworksBuildPhase;
			buildActionMask = 2147483647;
			files = (
				E0BF0E9D1596D01F002F9FB9 /* Foundation.framework in Frameworks */,
				E007C09F15A646DC00D60802 /* Security.framework in Frameworks */,
			);
			runOnlyForDeploymentPostprocessing = 0;
		};
/* End PBXFrameworksBuildPhase section */

/* Begin PBXGroup section */
		252C3A621593C6B20044EB3C /* Logging */ = {
			isa = PBXGroup;
			children = (
				252C3A9E1593EF570044EB3C /* logging.h */,
				252C3A961593E84F0044EB3C /* CompressingLogFileManager.h */,
				252C3A971593E84F0044EB3C /* CompressingLogFileManager.m */,
				252C3A561593C6A70044EB3C /* DDASLLogger.h */,
				252C3A571593C6A70044EB3C /* DDASLLogger.m */,
				252C3A581593C6A70044EB3C /* DDFileLogger.h */,
				252C3A591593C6A70044EB3C /* DDFileLogger.m */,
				252C3A5A1593C6A70044EB3C /* DDLog.h */,
				252C3A5B1593C6A70044EB3C /* DDLog.m */,
				252C3A5C1593C6A70044EB3C /* DDTTYLogger.h */,
				252C3A5D1593C6A80044EB3C /* DDTTYLogger.m */,
			);
			name = Logging;
			sourceTree = "<group>";
		};
		256C3550158EA75F00E2BEC4 = {
			isa = PBXGroup;
			children = (
				E06E2B3F15A7671B00E52B2D /* errors.h */,
				E66988C3159D403B002323AD /* StartOnLogin.xcodeproj */,
				256C3565158EA75F00E2BEC4 /* Youcrypt Mac alpha */,
				256C3582158EA75F00E2BEC4 /* Youcrypt Mac alphaTests */,
				E0BF0E9E1596D01F002F9FB9 /* TestBed */,
				256C355E158EA75F00E2BEC4 /* Frameworks */,
				256C355C158EA75F00E2BEC4 /* Products */,
			);
			sourceTree = "<group>";
		};
		256C355C158EA75F00E2BEC4 /* Products */ = {
			isa = PBXGroup;
			children = (
				256C355B158EA75F00E2BEC4 /* Youcrypt Mac alpha.app */,
				256C357C158EA75F00E2BEC4 /* Youcrypt Mac alphaTests.octest */,
				E0BF0E9A1596D01F002F9FB9 /* TestBed */,
			);
			name = Products;
			sourceTree = "<group>";
		};
		256C355E158EA75F00E2BEC4 /* Frameworks */ = {
			isa = PBXGroup;
			children = (
				25FDA07015A269B1004F2914 /* Automator.framework */,
				253C3D7B159BBF4A00120B8D /* libxml2.dylib */,
				253C3D79159BBF4000120B8D /* QuartzCore.framework */,
				253C3D77159BBF3900120B8D /* SystemConfiguration.framework */,
				253C3D75159BBF2E00120B8D /* CoreServices.framework */,
				252C3A671593CAA10044EB3C /* Lumberjack.framework */,
				252C3A441593A2E30044EB3C /* Sparkle.framework */,
				25EE6A5815928D2C008A0DC8 /* Security.framework */,
				256C355F158EA75F00E2BEC4 /* Cocoa.framework */,
				256C357D158EA75F00E2BEC4 /* SenTestingKit.framework */,
				E0BF0E9C1596D01F002F9FB9 /* Foundation.framework */,
				256C3561158EA75F00E2BEC4 /* Other Frameworks */,
			);
			name = Frameworks;
			sourceTree = "<group>";
		};
		256C3561158EA75F00E2BEC4 /* Other Frameworks */ = {
			isa = PBXGroup;
			children = (
				256C3562158EA75F00E2BEC4 /* AppKit.framework */,
				256C3563158EA75F00E2BEC4 /* CoreData.framework */,
				256C3564158EA75F00E2BEC4 /* Foundation.framework */,
			);
			name = "Other Frameworks";
			sourceTree = "<group>";
		};
		256C3565158EA75F00E2BEC4 /* Youcrypt Mac alpha */ = {
			isa = PBXGroup;
			children = (
				25F3D154159243E300E3383C /* Classes */,
				25F3D1521592436000E3383C /* UI */,
				25F3D1531592437700E3383C /* Plists */,
				E6BEB6C915A3A72000878D4B /* Images */,
				E6649C0A15A53BFA0096886F /* Contrib */,
				256C3566158EA75F00E2BEC4 /* Supporting Files */,
			);
			path = "Youcrypt Mac alpha";
			sourceTree = "<group>";
		};
		256C3566158EA75F00E2BEC4 /* Supporting Files */ = {
			isa = PBXGroup;
			children = (
				25FDA05315A2229B004F2914 /* simple-mailer.py */,
				25F6997915A4DA2B00A67879 /* DropBox.png */,
				25F6997715A4D26000A67879 /* gmaillogo.png */,
				25F6997515A4D00A00A67879 /* gmail-logo2.jpeg */,
				25F6997315A4C67100A67879 /* box-logo.png */,
				25F6997115A4C2FD00A67879 /* gmail-logo.jpeg */,
				E6CEDF80159B7B46007FB3B1 /* get_dropbox_folder.sh */,
				252C3A481593A5150044EB3C /* dsa_pub.pem */,
				256C356B158EA75F00E2BEC4 /* main.m */,
				256C356D158EA75F00E2BEC4 /* Youcrypt Mac alpha-Prefix.pch */,
				256C356E158EA75F00E2BEC4 /* Credits.rtf */,
			);
			name = "Supporting Files";
			sourceTree = "<group>";
		};
		256C3582158EA75F00E2BEC4 /* Youcrypt Mac alphaTests */ = {
			isa = PBXGroup;
			children = (
				256C3588158EA75F00E2BEC4 /* Youcrypt_Mac_alphaTests.h */,
				256C3589158EA75F00E2BEC4 /* Youcrypt_Mac_alphaTests.m */,
				256C3583158EA75F00E2BEC4 /* Supporting Files */,
			);
			path = "Youcrypt Mac alphaTests";
			sourceTree = "<group>";
		};
		256C3583158EA75F00E2BEC4 /* Supporting Files */ = {
			isa = PBXGroup;
			children = (
				256C3584158EA75F00E2BEC4 /* Youcrypt Mac alphaTests-Info.plist */,
				256C3585158EA75F00E2BEC4 /* InfoPlist.strings */,
			);
			name = "Supporting Files";
			sourceTree = "<group>";
		};
		25F3D1521592436000E3383C /* UI */ = {
			isa = PBXGroup;
			children = (
				E06E2B4015A76ABE00E52B2D /* ListRightClick.xib */,
				25300E8F15A3BE73009CDA08 /* FirstRun.xib */,
				25300E8A15A385BE009CDA08 /* Gmail.xib */,
				E054042215AB1CE10011E5CC /* Restore.xib */,
				25F3D159159244E800E3383C /* Encrypt.xib */,
				E0BF0EBC159838DD002F9FB9 /* ListDirectoriesWindow.xib */,
				256C35A8158EAF8700E2BEC4 /* Preferences.xib */,
				25F3D14B15923FE800E3383C /* Decrypt.xib */,
				256C3574158EA75F00E2BEC4 /* MainMenu.xib */,
				E66988D4159E62D8002323AD /* ChangePassphrase.xib */,
			);
			name = UI;
			path = ..;
			sourceTree = "<group>";
		};
		25F3D1531592437700E3383C /* Plists */ = {
			isa = PBXGroup;
			children = (
				256C3568158EA75F00E2BEC4 /* InfoPlist.strings */,
				256C3567158EA75F00E2BEC4 /* Youcrypt Mac alpha-Info.plist */,
			);
			name = Plists;
			path = ..;
			sourceTree = "<group>";
		};
		25F3D154159243E300E3383C /* Classes */ = {
			isa = PBXGroup;
			children = (
				256C3571158EA75F00E2BEC4 /* AppDelegate.h */,
				256C3572158EA75F00E2BEC4 /* AppDelegate.m */,
				E0BF0EBA159838DD002F9FB9 /* ListDirectoriesWindow.h */,
				E0BF0EBB159838DD002F9FB9 /* ListDirectoriesWindow.m */,
				256C359B158EA88700E2BEC4 /* PreferenceController.h */,
				256C359C158EA88700E2BEC4 /* PreferenceController.m */,
				E6649C7B15A53CE40096886F /* Encrypt.h */,
				E6649C7915A53CD80096886F /* Encrypt.m */,
				25F3D14915923FE800E3383C /* Decrypt.h */,
				25F3D14A15923FE800E3383C /* Decrypt.m */,
				E0C5AC9F15A50B5B000FC253 /* ConfigDirectory.h */,
				E0C5ACA215A50BC1000FC253 /* ConfigDirectory.m */,
				E6649C7C15A53CFC0096886F /* libFunctions.h */,
				25F3D1501592435600E3383C /* libFunctions.m */,
				E6E2A0B6159266F6003E3F6C /* YoucryptService.m */,
				E6E2A0B7159266F6003E3F6C /* YoucryptService.h */,
				253C3D7D159BBF9400120B8D /* BoxFSA.h */,
				253C3D7E159BBF9400120B8D /* BoxFSA.m */,
				E054042015AB1CE10011E5CC /* RestoreController.h */,
				E054042115AB1CE10011E5CC /* RestoreController.m */,
				E0BF0E931596B9C8002F9FB9 /* YoucryptDirectory.h */,
				E0BF0E941596B9C8002F9FB9 /* YoucryptDirectory.m */,
				E6E2A0B7159266F6003E3F6C /* YoucryptService.h */,
				E6E2A0B6159266F6003E3F6C /* YoucryptService.m */,
				25B1E508158FF5D400CDBC46 /* pipetest.c */,
				25B1E505158FF48B00CDBC46 /* pipetest.h */,
				E67FF2F015A8D5180033A63A /* PeriodicActionTimer.h */,
				E67FF2F115A8D5190033A63A /* PeriodicActionTimer.m */,
				E66988D6159E639B002323AD /* Sheet */,
				252C3A621593C6B20044EB3C /* Logging */,
			);
			name = Classes;
			path = ..;
			sourceTree = "<group>";
		};
		E0BF0E9E1596D01F002F9FB9 /* TestBed */ = {
			isa = PBXGroup;
			children = (
				E0BF0E9F1596D01F002F9FB9 /* main.m */,
				E0BF0EA31596D01F002F9FB9 /* TestBed.1 */,
				E0BF0EA11596D01F002F9FB9 /* Supporting Files */,
			);
			path = TestBed;
			sourceTree = "<group>";
		};
		E0BF0EA11596D01F002F9FB9 /* Supporting Files */ = {
			isa = PBXGroup;
			children = (
				E0BF0EA21596D01F002F9FB9 /* TestBed-Prefix.pch */,
			);
			name = "Supporting Files";
			sourceTree = "<group>";
		};
		E6649C0A15A53BFA0096886F /* Contrib */ = {
			isa = PBXGroup;
			children = (
				25EE6A5B15928D5C008A0DC8 /* SSKeychain.h */,
				25EE6A5C15928D5C008A0DC8 /* SSKeychain.m */,
				25FDA07515A284CD004F2914 /* XMLDictionary.h */,
				25FDA07615A284CD004F2914 /* XMLDictionary.m */,
				25FDA06315A232DC004F2914 /* XMLReader.h */,
				25FDA06415A232DC004F2914 /* XMLReader.m */,
			);
			name = Contrib;
			sourceTree = "<group>";
		};
		E66988C4159D403B002323AD /* Products */ = {
			isa = PBXGroup;
			children = (
				E66988CB159D403B002323AD /* StartOnLogin.framework */,
			);
			name = Products;
			sourceTree = "<group>";
		};
		E66988D6159E639B002323AD /* Sheet */ = {
			isa = PBXGroup;
			children = (
				E66988DA159E63CF002323AD /* PassphraseSheetController.h */,
				E66988DB159E63CF002323AD /* PassphraseSheetController.m */,
				E66988D7159E63BE002323AD /* JCSSheetController.h */,
				E66988D8159E63BE002323AD /* JCSSheetController.m */,
				25300E8815A385BD009CDA08 /* GmailSheetController.h */,
				25300E8915A385BE009CDA08 /* GmailSheetController.m */,
				25300E8D15A3BE73009CDA08 /* FirstRunSheetController.h */,
				25300E8E15A3BE73009CDA08 /* FirstRunSheetController.m */,
				E6649C9315A70FB00096886F /* VolumePropertiesSheetController.h */,
				E6649C9415A70FB00096886F /* VolumePropertiesSheetController.m */,
				E6649C9515A70FB00096886F /* VolumePropertiesSheetController.xib */,
			);
			name = Sheet;
			sourceTree = "<group>";
		};
		E6BEB6C915A3A72000878D4B /* Images */ = {
			isa = PBXGroup;
			children = (
				E6649CAC15A78E0E0096886F /* loading-24x24.gif */,
				E6649C8F15A707270096886F /* error-22x22.png */,
				E6649C9015A707270096886F /* unlocked-24x24.png */,
				E6649C8D15A706D40096886F /* locked-24x24.png */,
				E6649C8715A642DA0096886F /* logo-513x560-alpha.icns */,
				E6BEB71B15A5290300878D4B /* logo-color-alpha.png */,
				E0A2849715A61A26008A949A /* logo-512x512-alpha.icns */,
				E6BEB71915A522A000878D4B /* logo-grayscale-alpha.png */,
				E6BEB71715A520FA00878D4B /* logo-16x16.tiff */,
				E0C5ACAE15A56709000FC253 /* lockedfolder2.icns */,
				E6BEB6F415A4BB5F00878D4B /* Add.png */,
				E0C5ACB015A56D0C000FC253 /* logo-512x512-alpha.png */,
				E6BEB6EC15A4BB4F00878D4B /* Exit.png */,
				E6BEB6ED15A4BB4F00878D4B /* Help.png */,
				E6BEB6EE15A4BB4F00878D4B /* Preferences.png */,
				E6BEB6EF15A4BB4F00878D4B /* Remove.png */,
			);
			name = Images;
			sourceTree = "<group>";
		};
/* End PBXGroup section */

/* Begin PBXNativeTarget section */
		256C355A158EA75F00E2BEC4 /* Youcrypt Mac alpha */ = {
			isa = PBXNativeTarget;
			buildConfigurationList = 256C358D158EA75F00E2BEC4 /* Build configuration list for PBXNativeTarget "Youcrypt Mac alpha" */;
			buildPhases = (
				256C3557158EA75F00E2BEC4 /* Sources */,
				256C3558158EA75F00E2BEC4 /* Frameworks */,
				256C3559158EA75F00E2BEC4 /* Resources */,
				252C3A461593A34A0044EB3C /* CopyFiles */,
			);
			buildRules = (
			);
			dependencies = (
				E66988CD159D4090002323AD /* PBXTargetDependency */,
			);
			name = "Youcrypt Mac alpha";
			productName = "Youcrypt Mac alpha";
			productReference = 256C355B158EA75F00E2BEC4 /* Youcrypt Mac alpha.app */;
			productType = "com.apple.product-type.application";
		};
		256C357B158EA75F00E2BEC4 /* Youcrypt Mac alphaTests */ = {
			isa = PBXNativeTarget;
			buildConfigurationList = 256C3590158EA75F00E2BEC4 /* Build configuration list for PBXNativeTarget "Youcrypt Mac alphaTests" */;
			buildPhases = (
				256C3577158EA75F00E2BEC4 /* Sources */,
				256C3578158EA75F00E2BEC4 /* Frameworks */,
				256C3579158EA75F00E2BEC4 /* Resources */,
				256C357A158EA75F00E2BEC4 /* ShellScript */,
			);
			buildRules = (
			);
			dependencies = (
				256C3581158EA75F00E2BEC4 /* PBXTargetDependency */,
			);
			name = "Youcrypt Mac alphaTests";
			productName = "Youcrypt Mac alphaTests";
			productReference = 256C357C158EA75F00E2BEC4 /* Youcrypt Mac alphaTests.octest */;
			productType = "com.apple.product-type.bundle";
		};
		E0BF0E991596D01F002F9FB9 /* TestBed */ = {
			isa = PBXNativeTarget;
			buildConfigurationList = E0BF0EA51596D01F002F9FB9 /* Build configuration list for PBXNativeTarget "TestBed" */;
			buildPhases = (
				E0BF0E961596D01F002F9FB9 /* Sources */,
				E0BF0E971596D01F002F9FB9 /* Frameworks */,
				E0BF0E981596D01F002F9FB9 /* CopyFiles */,
			);
			buildRules = (
			);
			dependencies = (
			);
			name = TestBed;
			productName = TestBed;
			productReference = E0BF0E9A1596D01F002F9FB9 /* TestBed */;
			productType = "com.apple.product-type.tool";
		};
/* End PBXNativeTarget section */

/* Begin PBXProject section */
		256C3552158EA75F00E2BEC4 /* Project object */ = {
			isa = PBXProject;
			attributes = {
				CLASSPREFIX = com.youcrypt;
				LastUpgradeCheck = 0430;
				ORGANIZATIONNAME = "Nouvou Inc.";
			};
			buildConfigurationList = 256C3555158EA75F00E2BEC4 /* Build configuration list for PBXProject "Youcrypt Mac alpha" */;
			compatibilityVersion = "Xcode 3.2";
			developmentRegion = English;
			hasScannedForEncodings = 0;
			knownRegions = (
				en,
			);
			mainGroup = 256C3550158EA75F00E2BEC4;
			productRefGroup = 256C355C158EA75F00E2BEC4 /* Products */;
			projectDirPath = "";
			projectReferences = (
				{
					ProductGroup = E66988C4159D403B002323AD /* Products */;
					ProjectRef = E66988C3159D403B002323AD /* StartOnLogin.xcodeproj */;
				},
			);
			projectRoot = "";
			targets = (
				256C355A158EA75F00E2BEC4 /* Youcrypt Mac alpha */,
				256C357B158EA75F00E2BEC4 /* Youcrypt Mac alphaTests */,
				E0BF0E991596D01F002F9FB9 /* TestBed */,
			);
		};
/* End PBXProject section */

/* Begin PBXReferenceProxy section */
		E66988CB159D403B002323AD /* StartOnLogin.framework */ = {
			isa = PBXReferenceProxy;
			fileType = wrapper.framework;
			path = StartOnLogin.framework;
			remoteRef = E66988CA159D403B002323AD /* PBXContainerItemProxy */;
			sourceTree = BUILT_PRODUCTS_DIR;
		};
/* End PBXReferenceProxy section */

/* Begin PBXResourcesBuildPhase section */
		256C3559158EA75F00E2BEC4 /* Resources */ = {
			isa = PBXResourcesBuildPhase;
			buildActionMask = 2147483647;
			files = (
				256C356A158EA75F00E2BEC4 /* InfoPlist.strings in Resources */,
				256C3570158EA75F00E2BEC4 /* Credits.rtf in Resources */,
				256C3576158EA75F00E2BEC4 /* MainMenu.xib in Resources */,
				256C35A9158EAF8700E2BEC4 /* Preferences.xib in Resources */,
				25F3D14D15923FE800E3383C /* Decrypt.xib in Resources */,
				25F3D15B159244E800E3383C /* Encrypt.xib in Resources */,
				252C3A491593A5150044EB3C /* dsa_pub.pem in Resources */,
				E0BF0EBE159838DD002F9FB9 /* ListDirectoriesWindow.xib in Resources */,
				25FDA05415A2229B004F2914 /* simple-mailer.py in Resources */,
				E6CEDF81159B7B46007FB3B1 /* get_dropbox_folder.sh in Resources */,
				E66988D5159E62D8002323AD /* ChangePassphrase.xib in Resources */,
				25300E8C15A385BE009CDA08 /* Gmail.xib in Resources */,
				25300E9115A3BE74009CDA08 /* FirstRun.xib in Resources */,
				25F6997215A4C2FD00A67879 /* gmail-logo.jpeg in Resources */,
				25F6997415A4C67100A67879 /* box-logo.png in Resources */,
				25F6997615A4D00A00A67879 /* gmail-logo2.jpeg in Resources */,
				25F6997815A4D26000A67879 /* gmaillogo.png in Resources */,
				25F6997A15A4DA2B00A67879 /* DropBox.png in Resources */,
				E6BEB6F015A4BB4F00878D4B /* Exit.png in Resources */,
				E6BEB6F115A4BB4F00878D4B /* Help.png in Resources */,
				E6BEB6F215A4BB4F00878D4B /* Preferences.png in Resources */,
				E6BEB6F315A4BB4F00878D4B /* Remove.png in Resources */,
				E6BEB6F515A4BB5F00878D4B /* Add.png in Resources */,
				E6BEB71815A520FA00878D4B /* logo-16x16.tiff in Resources */,
				E6BEB71A15A522A000878D4B /* logo-grayscale-alpha.png in Resources */,
				E6BEB71C15A5290300878D4B /* logo-color-alpha.png in Resources */,
				E0C5ACAF15A5670A000FC253 /* lockedfolder2.icns in Resources */,
				E0C5ACB115A56D0D000FC253 /* logo-512x512-alpha.png in Resources */,
				E0A2849815A61A26008A949A /* logo-512x512-alpha.icns in Resources */,
				E6649C8815A642DA0096886F /* logo-513x560-alpha.icns in Resources */,
				E6649C8E15A706D40096886F /* locked-24x24.png in Resources */,
				E6649C9115A707270096886F /* error-22x22.png in Resources */,
				E6649C9215A707270096886F /* unlocked-24x24.png in Resources */,
				E6649C9715A70FB00096886F /* VolumePropertiesSheetController.xib in Resources */,
				E06E2B4115A76ABE00E52B2D /* ListRightClick.xib in Resources */,
				E054042415AB1CE10011E5CC /* Restore.xib in Resources */,
			);
			runOnlyForDeploymentPostprocessing = 0;
		};
		256C3579158EA75F00E2BEC4 /* Resources */ = {
			isa = PBXResourcesBuildPhase;
			buildActionMask = 2147483647;
			files = (
				256C3587158EA75F00E2BEC4 /* InfoPlist.strings in Resources */,
			);
			runOnlyForDeploymentPostprocessing = 0;
		};
/* End PBXResourcesBuildPhase section */

/* Begin PBXShellScriptBuildPhase section */
		256C357A158EA75F00E2BEC4 /* ShellScript */ = {
			isa = PBXShellScriptBuildPhase;
			buildActionMask = 2147483647;
			files = (
			);
			inputPaths = (
			);
			outputPaths = (
			);
			runOnlyForDeploymentPostprocessing = 0;
			shellPath = /bin/sh;
			shellScript = "# Run the unit tests in this test bundle.\n\"${SYSTEM_DEVELOPER_DIR}/Tools/RunUnitTests\"\n";
		};
/* End PBXShellScriptBuildPhase section */

/* Begin PBXSourcesBuildPhase section */
		256C3557158EA75F00E2BEC4 /* Sources */ = {
			isa = PBXSourcesBuildPhase;
			buildActionMask = 2147483647;
			files = (
				256C356C158EA75F00E2BEC4 /* main.m in Sources */,
				256C3573158EA75F00E2BEC4 /* AppDelegate.m in Sources */,
				256C359E158EA88700E2BEC4 /* PreferenceController.m in Sources */,
				25B1E509158FF5D400CDBC46 /* pipetest.c in Sources */,
				25F3D14C15923FE800E3383C /* Decrypt.m in Sources */,
				25F3D1511592435600E3383C /* libFunctions.m in Sources */,
				E6E2A0BA15926C8C003E3F6C /* YoucryptService.m in Sources */,
				25EE6A5D15928D5C008A0DC8 /* SSKeychain.m in Sources */,
				252C3A691593CB780044EB3C /* DDLog.m in Sources */,
				252C3A6A1593CB9B0044EB3C /* DDASLLogger.m in Sources */,
				252C3A6B1593CBA00044EB3C /* DDFileLogger.m in Sources */,
				252C3A6C1593CBA50044EB3C /* DDTTYLogger.m in Sources */,
				252C3A981593E84F0044EB3C /* CompressingLogFileManager.m in Sources */,
				252C3A9F1593F0500044EB3C /* logging.h in Sources */,
				E0BF0E951596B9C8002F9FB9 /* YoucryptDirectory.m in Sources */,
				E0BF0EBD159838DD002F9FB9 /* ListDirectoriesWindow.m in Sources */,
				253C3D7F159BBF9400120B8D /* BoxFSA.m in Sources */,
				25FDA06515A232DC004F2914 /* XMLReader.m in Sources */,
				E66988D9159E63BE002323AD /* JCSSheetController.m in Sources */,
				E66988DC159E63CF002323AD /* PassphraseSheetController.m in Sources */,
				25FDA07715A284CD004F2914 /* XMLDictionary.m in Sources */,
				25300E8B15A385BE009CDA08 /* GmailSheetController.m in Sources */,
				25300E9015A3BE74009CDA08 /* FirstRunSheetController.m in Sources */,
				E0C5ACA315A50BC1000FC253 /* ConfigDirectory.m in Sources */,
				E6649C7A15A53CD80096886F /* Encrypt.m in Sources */,
				E6649C9615A70FB00096886F /* VolumePropertiesSheetController.m in Sources */,
				E054042315AB1CE10011E5CC /* RestoreController.m in Sources */,
				E67FF2F215A8D5190033A63A /* PeriodicActionTimer.m in Sources */,
			);
			runOnlyForDeploymentPostprocessing = 0;
		};
		256C3577158EA75F00E2BEC4 /* Sources */ = {
			isa = PBXSourcesBuildPhase;
			buildActionMask = 2147483647;
			files = (
				256C358A158EA75F00E2BEC4 /* Youcrypt_Mac_alphaTests.m in Sources */,
			);
			runOnlyForDeploymentPostprocessing = 0;
		};
		E0BF0E961596D01F002F9FB9 /* Sources */ = {
			isa = PBXSourcesBuildPhase;
			buildActionMask = 2147483647;
			files = (
				E0BF0EA01596D01F002F9FB9 /* main.m in Sources */,
				E0BF0EB415980A72002F9FB9 /* YoucryptDirectory.m in Sources */,
				E0F9DCE9159BE99C00DBDD02 /* pipetest.c in Sources */,
				E007C09D15A646B500D60802 /* libFunctions.m in Sources */,
				E007C09E15A646CF00D60802 /* SSKeychain.m in Sources */,
			);
			runOnlyForDeploymentPostprocessing = 0;
		};
/* End PBXSourcesBuildPhase section */

/* Begin PBXTargetDependency section */
		256C3581158EA75F00E2BEC4 /* PBXTargetDependency */ = {
			isa = PBXTargetDependency;
			target = 256C355A158EA75F00E2BEC4 /* Youcrypt Mac alpha */;
			targetProxy = 256C3580158EA75F00E2BEC4 /* PBXContainerItemProxy */;
		};
		E66988CD159D4090002323AD /* PBXTargetDependency */ = {
			isa = PBXTargetDependency;
			name = StartOnLogin;
			targetProxy = E66988CC159D4090002323AD /* PBXContainerItemProxy */;
		};
/* End PBXTargetDependency section */

/* Begin PBXVariantGroup section */
		256C3568158EA75F00E2BEC4 /* InfoPlist.strings */ = {
			isa = PBXVariantGroup;
			children = (
				256C3569158EA75F00E2BEC4 /* en */,
			);
			name = InfoPlist.strings;
			path = "Youcrypt Mac alpha";
			sourceTree = "<group>";
		};
		256C356E158EA75F00E2BEC4 /* Credits.rtf */ = {
			isa = PBXVariantGroup;
			children = (
				256C356F158EA75F00E2BEC4 /* en */,
			);
			name = Credits.rtf;
			sourceTree = "<group>";
		};
		256C3574158EA75F00E2BEC4 /* MainMenu.xib */ = {
			isa = PBXVariantGroup;
			children = (
				256C3575158EA75F00E2BEC4 /* en */,
			);
			name = MainMenu.xib;
			path = "Youcrypt Mac alpha";
			sourceTree = "<group>";
		};
		256C3585158EA75F00E2BEC4 /* InfoPlist.strings */ = {
			isa = PBXVariantGroup;
			children = (
				256C3586158EA75F00E2BEC4 /* en */,
			);
			name = InfoPlist.strings;
			sourceTree = "<group>";
		};
/* End PBXVariantGroup section */

/* Begin XCBuildConfiguration section */
		256C358B158EA75F00E2BEC4 /* Debug */ = {
			isa = XCBuildConfiguration;
			buildSettings = {
				ALWAYS_SEARCH_USER_PATHS = NO;
				ARCHS = "$(ARCHS_STANDARD_64_BIT)";
				CLANG_ENABLE_OBJC_ARC = YES;
				COPY_PHASE_STRIP = NO;
				GCC_C_LANGUAGE_STANDARD = gnu99;
				GCC_DYNAMIC_NO_PIC = NO;
				GCC_ENABLE_OBJC_EXCEPTIONS = YES;
				GCC_OPTIMIZATION_LEVEL = 0;
				GCC_PREPROCESSOR_DEFINITIONS = (
					"DEBUG=1",
					"$(inherited)",
				);
				GCC_SYMBOLS_PRIVATE_EXTERN = NO;
				GCC_VERSION = com.apple.compilers.llvm.clang.1_0;
				GCC_WARN_64_TO_32_BIT_CONVERSION = YES;
				GCC_WARN_ABOUT_RETURN_TYPE = YES;
				GCC_WARN_UNINITIALIZED_AUTOS = YES;
				GCC_WARN_UNUSED_VARIABLE = YES;
				MACOSX_DEPLOYMENT_TARGET = 10.7;
				ONLY_ACTIVE_ARCH = YES;
				SDKROOT = macosx;
			};
			name = Debug;
		};
		256C358C158EA75F00E2BEC4 /* Release */ = {
			isa = XCBuildConfiguration;
			buildSettings = {
				ALWAYS_SEARCH_USER_PATHS = NO;
				ARCHS = "$(ARCHS_STANDARD_64_BIT)";
				CLANG_ENABLE_OBJC_ARC = YES;
				COPY_PHASE_STRIP = YES;
				DEBUG_INFORMATION_FORMAT = "dwarf-with-dsym";
				GCC_C_LANGUAGE_STANDARD = gnu99;
				GCC_ENABLE_OBJC_EXCEPTIONS = YES;
				GCC_VERSION = com.apple.compilers.llvm.clang.1_0;
				GCC_WARN_64_TO_32_BIT_CONVERSION = YES;
				GCC_WARN_ABOUT_RETURN_TYPE = YES;
				GCC_WARN_UNINITIALIZED_AUTOS = YES;
				GCC_WARN_UNUSED_VARIABLE = YES;
				MACOSX_DEPLOYMENT_TARGET = 10.7;
				SDKROOT = macosx;
			};
			name = Release;
		};
		256C358E158EA75F00E2BEC4 /* Debug */ = {
			isa = XCBuildConfiguration;
			buildSettings = {
				ARCHS = "$(ARCHS_STANDARD_64_BIT)";
				FRAMEWORK_SEARCH_PATHS = (
					"$(inherited)",
					"\"$(SRCROOT)\"",
				);
				GCC_PRECOMPILE_PREFIX_HEADER = YES;
				GCC_PREFIX_HEADER = "Youcrypt Mac alpha/Youcrypt Mac alpha-Prefix.pch";
				HEADER_SEARCH_PATHS = "\"$(SRCROOT)\"";
				"HEADER_SEARCH_PATHS[arch=*]" = "\"$(SRCROOT)\"";
				INFOPLIST_FILE = "Youcrypt Mac alpha/Youcrypt Mac alpha-Info.plist";
				LD_RUNPATH_SEARCH_PATHS = /Library/Frameworks;
				LIBRARY_SEARCH_PATHS = "$(inherited)";
				"OTHER_LDFLAGS[arch=*]" = "-lz";
				PRODUCT_NAME = "$(TARGET_NAME)";
				SDKROOT = macosx;
				USER_HEADER_SEARCH_PATHS = "";
				WRAPPER_EXTENSION = app;
			};
			name = Debug;
		};
		256C358F158EA75F00E2BEC4 /* Release */ = {
			isa = XCBuildConfiguration;
			buildSettings = {
				ARCHS = "$(ARCHS_STANDARD_64_BIT)";
				FRAMEWORK_SEARCH_PATHS = (
					"$(inherited)",
					"\"$(SRCROOT)\"",
				);
				GCC_PRECOMPILE_PREFIX_HEADER = YES;
				GCC_PREFIX_HEADER = "Youcrypt Mac alpha/Youcrypt Mac alpha-Prefix.pch";
				HEADER_SEARCH_PATHS = "\"$(SRCROOT)\"";
				INFOPLIST_FILE = "Youcrypt Mac alpha/Youcrypt Mac alpha-Info.plist";
				LD_RUNPATH_SEARCH_PATHS = /Library/Frameworks;
				LIBRARY_SEARCH_PATHS = "$(inherited)";
				"OTHER_LDFLAGS[arch=*]" = "-lz";
				PRODUCT_NAME = "$(TARGET_NAME)";
				SDKROOT = macosx;
				USER_HEADER_SEARCH_PATHS = "";
				WRAPPER_EXTENSION = app;
			};
			name = Release;
		};
		256C3591158EA75F00E2BEC4 /* Debug */ = {
			isa = XCBuildConfiguration;
			buildSettings = {
				BUNDLE_LOADER = "$(BUILT_PRODUCTS_DIR)/Youcrypt Mac alpha.app/Contents/MacOS/Youcrypt Mac alpha";
				FRAMEWORK_SEARCH_PATHS = (
					"$(DEVELOPER_LIBRARY_DIR)/Frameworks",
					"\"$(SRCROOT)\"",
				);
				GCC_PRECOMPILE_PREFIX_HEADER = YES;
				GCC_PREFIX_HEADER = "Youcrypt Mac alpha/Youcrypt Mac alpha-Prefix.pch";
				INFOPLIST_FILE = "Youcrypt Mac alphaTests/Youcrypt Mac alphaTests-Info.plist";
				PRODUCT_NAME = "$(TARGET_NAME)";
				TEST_HOST = "$(BUNDLE_LOADER)";
				WRAPPER_EXTENSION = octest;
			};
			name = Debug;
		};
		256C3592158EA75F00E2BEC4 /* Release */ = {
			isa = XCBuildConfiguration;
			buildSettings = {
				BUNDLE_LOADER = "$(BUILT_PRODUCTS_DIR)/Youcrypt Mac alpha.app/Contents/MacOS/Youcrypt Mac alpha";
				FRAMEWORK_SEARCH_PATHS = (
					"$(DEVELOPER_LIBRARY_DIR)/Frameworks",
					"\"$(SRCROOT)\"",
				);
				GCC_PRECOMPILE_PREFIX_HEADER = YES;
				GCC_PREFIX_HEADER = "Youcrypt Mac alpha/Youcrypt Mac alpha-Prefix.pch";
				INFOPLIST_FILE = "Youcrypt Mac alphaTests/Youcrypt Mac alphaTests-Info.plist";
				PRODUCT_NAME = "$(TARGET_NAME)";
				TEST_HOST = "$(BUNDLE_LOADER)";
				WRAPPER_EXTENSION = octest;
			};
			name = Release;
		};
		E0BF0EA61596D01F002F9FB9 /* Debug */ = {
			isa = XCBuildConfiguration;
			buildSettings = {
				GCC_PRECOMPILE_PREFIX_HEADER = YES;
				GCC_PREFIX_HEADER = "TestBed/TestBed-Prefix.pch";
				PRODUCT_NAME = "$(TARGET_NAME)";
			};
			name = Debug;
		};
		E0BF0EA71596D01F002F9FB9 /* Release */ = {
			isa = XCBuildConfiguration;
			buildSettings = {
				GCC_PRECOMPILE_PREFIX_HEADER = YES;
				GCC_PREFIX_HEADER = "TestBed/TestBed-Prefix.pch";
				PRODUCT_NAME = "$(TARGET_NAME)";
			};
			name = Release;
		};
/* End XCBuildConfiguration section */

/* Begin XCConfigurationList section */
		256C3555158EA75F00E2BEC4 /* Build configuration list for PBXProject "Youcrypt Mac alpha" */ = {
			isa = XCConfigurationList;
			buildConfigurations = (
				256C358B158EA75F00E2BEC4 /* Debug */,
				256C358C158EA75F00E2BEC4 /* Release */,
			);
			defaultConfigurationIsVisible = 0;
			defaultConfigurationName = Release;
		};
		256C358D158EA75F00E2BEC4 /* Build configuration list for PBXNativeTarget "Youcrypt Mac alpha" */ = {
			isa = XCConfigurationList;
			buildConfigurations = (
				256C358E158EA75F00E2BEC4 /* Debug */,
				256C358F158EA75F00E2BEC4 /* Release */,
			);
			defaultConfigurationIsVisible = 0;
			defaultConfigurationName = Release;
		};
		256C3590158EA75F00E2BEC4 /* Build configuration list for PBXNativeTarget "Youcrypt Mac alphaTests" */ = {
			isa = XCConfigurationList;
			buildConfigurations = (
				256C3591158EA75F00E2BEC4 /* Debug */,
				256C3592158EA75F00E2BEC4 /* Release */,
			);
			defaultConfigurationIsVisible = 0;
			defaultConfigurationName = Release;
		};
		E0BF0EA51596D01F002F9FB9 /* Build configuration list for PBXNativeTarget "TestBed" */ = {
			isa = XCConfigurationList;
			buildConfigurations = (
				E0BF0EA61596D01F002F9FB9 /* Debug */,
				E0BF0EA71596D01F002F9FB9 /* Release */,
			);
			defaultConfigurationIsVisible = 0;
			defaultConfigurationName = Release;
		};
/* End XCConfigurationList section */
	};
	rootObject = 256C3552158EA75F00E2BEC4 /* Project object */;
}
